
Microsoft Visual Studio Solution File, Format Version 12.00
# Visual Studio Version 16
VisualStudioVersion = 16.0.31729.503
MinimumVisualStudioVersion = 10.0.40219.1
Project("{8BC9CEB8-8B4A-11D0-8D11-00A0C91BC942}") = "STL02_01", "STL02_01\STL02_01.vcxproj", "{B7C38B7F-A44D-4B17-8F69-FC6C1F9BA5B2}"
EndProject
Project("{8BC9CEB8-8B4A-11D0-8D11-00A0C91BC942}") = "STL02_02", "STL02_02\STL02_02.vcxproj", "{CF3D9B83-833B-443C-9076-2CBE6C17E6B4}"
EndProject
Project("{8BC9CEB8-8B4A-11D0-8D11-00A0C91BC942}") = "STL02_03", "STL02_03\STL02_03.vcxproj", "{3DA7DF6E-A9AE-4D55-820D-03B588D84A6C}"
EndProject
Project("{8BC9CEB8-8B4A-11D0-8D11-00A0C91BC942}") = "STL02_04", "STL02_04\STL02_04.vcxproj", "{0E4005D6-7595-4072-BBBD-55EB4F13E96D}"
EndProject
Project("{8BC9CEB8-8B4A-11D0-8D11-00A0C91BC942}") = "STL02_05", "STL02_05\STL02_05.vcxproj", "{1C873991-CE14-4EB1-A2BE-5998D1E98AD3}"
EndProject
Project("{8BC9CEB8-8B4A-11D0-8D11-00A0C91BC942}") = "STL02_06", "STL02_06\STL02_06.vcxproj", "{E7B7314F-4203-4E60-A001-A4A317294CA7}"
EndProject
Global
	GlobalSection(SolutionConfigurationPlatforms) = preSolution
		Debug|x64 = Debug|x64
		Debug|x86 = Debug|x86
		Release|x64 = Release|x64
		Release|x86 = Release|x86
	EndGlobalSection
	GlobalSection(ProjectConfigurationPlatforms) = postSolution
		{B7C38B7F-A44D-4B17-8F69-FC6C1F9BA5B2}.Debug|x64.ActiveCfg = Debug|x64
		{B7C38B7F-A44D-4B17-8F69-FC6C1F9BA5B2}.Debug|x64.Build.0 = Debug|x64
		{B7C38B7F-A44D-4B17-8F69-FC6C1F9BA5B2}.Debug|x86.ActiveCfg = Debug|Win32
		{B7C38B7F-A44D-4B17-8F69-FC6C1F9BA5B2}.Debug|x86.Build.0 = Debug|Win32
		{B7C38B7F-A44D-4B17-8F69-FC6C1F9BA5B2}.Release|x64.ActiveCfg = Release|x64
		{B7C38B7F-A44D-4B17-8F69-FC6C1F9BA5B2}.Release|x64.Build.0 = Release|x64
		{B7C38B7F-A44D-4B17-8F69-FC6C1F9BA5B2}.Release|x86.ActiveCfg = Release|Win32
		{B7C38B7F-A44D-4B17-8F69-FC6C1F9BA5B2}.Release|x86.Build.0 = Release|Win32
		{CF3D9B83-833B-443C-9076-2CBE6C17E6B4}.Debug|x64.ActiveCfg = Debug|x64
		{CF3D9B83-833B-443C-9076-2CBE6C17E6B4}.Debug|x64.Build.0 = Debug|x64
		{CF3D9B83-833B-443C-9076-2CBE6C17E6B4}.Debug|x86.ActiveCfg = Debug|Win32
		{CF3D9B83-833B-443C-9076-2CBE6C17E6B4}.Debug|x86.Build.0 = Debug|Win32
		{CF3D9B83-833B-443C-9076-2CBE6C17E6B4}.Release|x64.ActiveCfg = Release|x64
		{CF3D9B83-833B-443C-9076-2CBE6C17E6B4}.Release|x64.Build.0 = Release|x64
		{CF3D9B83-833B-443C-9076-2CBE6C17E6B4}.Release|x86.ActiveCfg = Release|Win32
		{CF3D9B83-833B-443C-9076-2CBE6C17E6B4}.Release|x86.Build.0 = Release|Win32
		{3DA7DF6E-A9AE-4D55-820D-03B588D84A6C}.Debug|x64.ActiveCfg = Debug|x64
		{3DA7DF6E-A9AE-4D55-820D-03B588D84A6C}.Debug|x64.Build.0 = Debug|x64
		{3DA7DF6E-A9AE-4D55-820D-03B588D84A6C}.Debug|x86.ActiveCfg = Debug|Win32
		{3DA7DF6E-A9AE-4D55-820D-03B588D84A6C}.Debug|x86.Build.0 = Debug|Win32
		{3DA7DF6E-A9AE-4D55-820D-03B588D84A6C}.Release|x64.ActiveCfg = Release|x64
		{3DA7DF6E-A9AE-4D55-820D-03B588D84A6C}.Release|x64.Build.0 = Release|x64
		{3DA7DF6E-A9AE-4D55-820D-03B588D84A6C}.Release|x86.ActiveCfg = Release|Win32
		{3DA7DF6E-A9AE-4D55-820D-03B588D84A6C}.Release|x86.Build.0 = Release|Win32
		{0E4005D6-7595-4072-BBBD-55EB4F13E96D}.Debug|x64.ActiveCfg = Debug|x64
		{0E4005D6-7595-4072-BBBD-55EB4F13E96D}.Debug|x64.Build.0 = Debug|x64
		{0E4005D6-7595-4072-BBBD-55EB4F13E96D}.Debug|x86.ActiveCfg = Debug|Win32
		{0E4005D6-7595-4072-BBBD-55EB4F13E96D}.Debug|x86.Build.0 = Debug|Win32
		{0E4005D6-7595-4072-BBBD-55EB4F13E96D}.Release|x64.ActiveCfg = Release|x64
		{0E4005D6-7595-4072-BBBD-55EB4F13E96D}.Release|x64.Build.0 = Release|x64
		{0E4005D6-7595-4072-BBBD-55EB4F13E96D}.Release|x86.ActiveCfg = Release|Win32
		{0E4005D6-7595-4072-BBBD-55EB4F13E96D}.Release|x86.Build.0 = Release|Win32
		{1C873991-CE14-4EB1-A2BE-5998D1E98AD3}.Debug|x64.ActiveCfg = Debug|x64
		{1C873991-CE14-4EB1-A2BE-5998D1E98AD3}.Debug|x64.Build.0 = Debug|x64
		{1C873991-CE14-4EB1-A2BE-5998D1E98AD3}.Debug|x86.ActiveCfg = Debug|Win32
		{1C873991-CE14-4EB1-A2BE-5998D1E98AD3}.Debug|x86.Build.0 = Debug|Win32
		{1C873991-CE14-4EB1-A2BE-5998D1E98AD3}.Release|x64.ActiveCfg = Release|x64
		{1C873991-CE14-4EB1-A2BE-5998D1E98AD3}.Release|x64.Build.0 = Release|x64
		{1C873991-CE14-4EB1-A2BE-5998D1E98AD3}.Release|x86.ActiveCfg = Release|Win32
		{1C873991-CE14-4EB1-A2BE-5998D1E98AD3}.Release|x86.Build.0 = Release|Win32
		{E7B7314F-4203-4E60-A001-A4A317294CA7}.Debug|x64.ActiveCfg = Debug|x64
		{E7B7314F-4203-4E60-A001-A4A317294CA7}.Debug|x64.Build.0 = Debug|x64
		{E7B7314F-4203-4E60-A001-A4A317294CA7}.Debug|x86.ActiveCfg = Debug|Win32
		{E7B7314F-4203-4E60-A001-A4A317294CA7}.Debug|x86.Build.0 = Debug|Win32
		{E7B7314F-4203-4E60-A001-A4A317294CA7}.Release|x64.ActiveCfg = Release|x64
		{E7B7314F-4203-4E60-A001-A4A317294CA7}.Release|x64.Build.0 = Release|x64
		{E7B7314F-4203-4E60-A001-A4A317294CA7}.Release|x86.ActiveCfg = Release|Win32
		{E7B7314F-4203-4E60-A001-A4A317294CA7}.Release|x86.Build.0 = Release|Win32
	EndGlobalSection
	GlobalSection(SolutionProperties) = preSolution
		HideSolutionNode = FALSE
	EndGlobalSection
	GlobalSection(ExtensibilityGlobals) = postSolution
		SolutionGuid = {2DE65D53-820C-4C49-8E3B-3BE3CB26C48E}
	EndGlobalSection
EndGlobal
