
Microsoft Visual Studio Solution File, Format Version 12.00
# Visual Studio Version 16
VisualStudioVersion = 16.0.31729.503
MinimumVisualStudioVersion = 10.0.40219.1
Project("{8BC9CEB8-8B4A-11D0-8D11-00A0C91BC942}") = "Section11_01", "Section11_01\Section11_01.vcxproj", "{419D3570-F904-44FF-90FB-7CE36BBBFFA5}"
EndProject
Project("{8BC9CEB8-8B4A-11D0-8D11-00A0C91BC942}") = "Section11_02", "Section11_02\Section11_02.vcxproj", "{2B5B0E6E-6747-4334-B05D-FD7661266954}"
EndProject
Project("{8BC9CEB8-8B4A-11D0-8D11-00A0C91BC942}") = "Section11_03", "Section11_03\Section11_03.vcxproj", "{942FCFF2-8EDB-4A01-94E8-903DFCFD72E0}"
EndProject
Project("{8BC9CEB8-8B4A-11D0-8D11-00A0C91BC942}") = "Section11_04", "Section11_04\Section11_04.vcxproj", "{47C37831-59FF-46A3-B6D5-7DEE916525B6}"
EndProject
Project("{8BC9CEB8-8B4A-11D0-8D11-00A0C91BC942}") = "Section11_05", "Section11_05\Section11_05.vcxproj", "{685875D7-036D-4F58-BBB3-31A8BD48C830}"
EndProject
Project("{8BC9CEB8-8B4A-11D0-8D11-00A0C91BC942}") = "Section11_06", "Section11_06\Section11_06.vcxproj", "{3FF150AF-B9D7-47BB-BA06-361CFCC4206C}"
EndProject
Project("{8BC9CEB8-8B4A-11D0-8D11-00A0C91BC942}") = "Section11_07", "Section11_07\Section11_07.vcxproj", "{F9B2C70E-15B5-46A4-911E-ABDC2F88F36F}"
EndProject
Project("{8BC9CEB8-8B4A-11D0-8D11-00A0C91BC942}") = "Section11_08", "Section11_08\Section11_08.vcxproj", "{78B4C4AC-075B-4CCC-8238-4C38B3465479}"
EndProject
Project("{8BC9CEB8-8B4A-11D0-8D11-00A0C91BC942}") = "Section11_09", "Section11_09\Section11_09.vcxproj", "{AB5DC925-D58E-486F-BA1F-8700786AE5E6}"
EndProject
Global
	GlobalSection(SolutionConfigurationPlatforms) = preSolution
		Debug|x64 = Debug|x64
		Debug|x86 = Debug|x86
		Release|x64 = Release|x64
		Release|x86 = Release|x86
	EndGlobalSection
	GlobalSection(ProjectConfigurationPlatforms) = postSolution
		{419D3570-F904-44FF-90FB-7CE36BBBFFA5}.Debug|x64.ActiveCfg = Debug|x64
		{419D3570-F904-44FF-90FB-7CE36BBBFFA5}.Debug|x64.Build.0 = Debug|x64
		{419D3570-F904-44FF-90FB-7CE36BBBFFA5}.Debug|x86.ActiveCfg = Debug|Win32
		{419D3570-F904-44FF-90FB-7CE36BBBFFA5}.Debug|x86.Build.0 = Debug|Win32
		{419D3570-F904-44FF-90FB-7CE36BBBFFA5}.Release|x64.ActiveCfg = Release|x64
		{419D3570-F904-44FF-90FB-7CE36BBBFFA5}.Release|x64.Build.0 = Release|x64
		{419D3570-F904-44FF-90FB-7CE36BBBFFA5}.Release|x86.ActiveCfg = Release|Win32
		{419D3570-F904-44FF-90FB-7CE36BBBFFA5}.Release|x86.Build.0 = Release|Win32
		{2B5B0E6E-6747-4334-B05D-FD7661266954}.Debug|x64.ActiveCfg = Debug|x64
		{2B5B0E6E-6747-4334-B05D-FD7661266954}.Debug|x64.Build.0 = Debug|x64
		{2B5B0E6E-6747-4334-B05D-FD7661266954}.Debug|x86.ActiveCfg = Debug|Win32
		{2B5B0E6E-6747-4334-B05D-FD7661266954}.Debug|x86.Build.0 = Debug|Win32
		{2B5B0E6E-6747-4334-B05D-FD7661266954}.Release|x64.ActiveCfg = Release|x64
		{2B5B0E6E-6747-4334-B05D-FD7661266954}.Release|x64.Build.0 = Release|x64
		{2B5B0E6E-6747-4334-B05D-FD7661266954}.Release|x86.ActiveCfg = Release|Win32
		{2B5B0E6E-6747-4334-B05D-FD7661266954}.Release|x86.Build.0 = Release|Win32
		{942FCFF2-8EDB-4A01-94E8-903DFCFD72E0}.Debug|x64.ActiveCfg = Debug|x64
		{942FCFF2-8EDB-4A01-94E8-903DFCFD72E0}.Debug|x64.Build.0 = Debug|x64
		{942FCFF2-8EDB-4A01-94E8-903DFCFD72E0}.Debug|x86.ActiveCfg = Debug|Win32
		{942FCFF2-8EDB-4A01-94E8-903DFCFD72E0}.Debug|x86.Build.0 = Debug|Win32
		{942FCFF2-8EDB-4A01-94E8-903DFCFD72E0}.Release|x64.ActiveCfg = Release|x64
		{942FCFF2-8EDB-4A01-94E8-903DFCFD72E0}.Release|x64.Build.0 = Release|x64
		{942FCFF2-8EDB-4A01-94E8-903DFCFD72E0}.Release|x86.ActiveCfg = Release|Win32
		{942FCFF2-8EDB-4A01-94E8-903DFCFD72E0}.Release|x86.Build.0 = Release|Win32
		{47C37831-59FF-46A3-B6D5-7DEE916525B6}.Debug|x64.ActiveCfg = Debug|x64
		{47C37831-59FF-46A3-B6D5-7DEE916525B6}.Debug|x64.Build.0 = Debug|x64
		{47C37831-59FF-46A3-B6D5-7DEE916525B6}.Debug|x86.ActiveCfg = Debug|Win32
		{47C37831-59FF-46A3-B6D5-7DEE916525B6}.Debug|x86.Build.0 = Debug|Win32
		{47C37831-59FF-46A3-B6D5-7DEE916525B6}.Release|x64.ActiveCfg = Release|x64
		{47C37831-59FF-46A3-B6D5-7DEE916525B6}.Release|x64.Build.0 = Release|x64
		{47C37831-59FF-46A3-B6D5-7DEE916525B6}.Release|x86.ActiveCfg = Release|Win32
		{47C37831-59FF-46A3-B6D5-7DEE916525B6}.Release|x86.Build.0 = Release|Win32
		{685875D7-036D-4F58-BBB3-31A8BD48C830}.Debug|x64.ActiveCfg = Debug|x64
		{685875D7-036D-4F58-BBB3-31A8BD48C830}.Debug|x64.Build.0 = Debug|x64
		{685875D7-036D-4F58-BBB3-31A8BD48C830}.Debug|x86.ActiveCfg = Debug|Win32
		{685875D7-036D-4F58-BBB3-31A8BD48C830}.Debug|x86.Build.0 = Debug|Win32
		{685875D7-036D-4F58-BBB3-31A8BD48C830}.Release|x64.ActiveCfg = Release|x64
		{685875D7-036D-4F58-BBB3-31A8BD48C830}.Release|x64.Build.0 = Release|x64
		{685875D7-036D-4F58-BBB3-31A8BD48C830}.Release|x86.ActiveCfg = Release|Win32
		{685875D7-036D-4F58-BBB3-31A8BD48C830}.Release|x86.Build.0 = Release|Win32
		{3FF150AF-B9D7-47BB-BA06-361CFCC4206C}.Debug|x64.ActiveCfg = Debug|x64
		{3FF150AF-B9D7-47BB-BA06-361CFCC4206C}.Debug|x64.Build.0 = Debug|x64
		{3FF150AF-B9D7-47BB-BA06-361CFCC4206C}.Debug|x86.ActiveCfg = Debug|Win32
		{3FF150AF-B9D7-47BB-BA06-361CFCC4206C}.Debug|x86.Build.0 = Debug|Win32
		{3FF150AF-B9D7-47BB-BA06-361CFCC4206C}.Release|x64.ActiveCfg = Release|x64
		{3FF150AF-B9D7-47BB-BA06-361CFCC4206C}.Release|x64.Build.0 = Release|x64
		{3FF150AF-B9D7-47BB-BA06-361CFCC4206C}.Release|x86.ActiveCfg = Release|Win32
		{3FF150AF-B9D7-47BB-BA06-361CFCC4206C}.Release|x86.Build.0 = Release|Win32
		{F9B2C70E-15B5-46A4-911E-ABDC2F88F36F}.Debug|x64.ActiveCfg = Debug|x64
		{F9B2C70E-15B5-46A4-911E-ABDC2F88F36F}.Debug|x64.Build.0 = Debug|x64
		{F9B2C70E-15B5-46A4-911E-ABDC2F88F36F}.Debug|x86.ActiveCfg = Debug|Win32
		{F9B2C70E-15B5-46A4-911E-ABDC2F88F36F}.Debug|x86.Build.0 = Debug|Win32
		{F9B2C70E-15B5-46A4-911E-ABDC2F88F36F}.Release|x64.ActiveCfg = Release|x64
		{F9B2C70E-15B5-46A4-911E-ABDC2F88F36F}.Release|x64.Build.0 = Release|x64
		{F9B2C70E-15B5-46A4-911E-ABDC2F88F36F}.Release|x86.ActiveCfg = Release|Win32
		{F9B2C70E-15B5-46A4-911E-ABDC2F88F36F}.Release|x86.Build.0 = Release|Win32
		{78B4C4AC-075B-4CCC-8238-4C38B3465479}.Debug|x64.ActiveCfg = Debug|x64
		{78B4C4AC-075B-4CCC-8238-4C38B3465479}.Debug|x64.Build.0 = Debug|x64
		{78B4C4AC-075B-4CCC-8238-4C38B3465479}.Debug|x86.ActiveCfg = Debug|Win32
		{78B4C4AC-075B-4CCC-8238-4C38B3465479}.Debug|x86.Build.0 = Debug|Win32
		{78B4C4AC-075B-4CCC-8238-4C38B3465479}.Release|x64.ActiveCfg = Release|x64
		{78B4C4AC-075B-4CCC-8238-4C38B3465479}.Release|x64.Build.0 = Release|x64
		{78B4C4AC-075B-4CCC-8238-4C38B3465479}.Release|x86.ActiveCfg = Release|Win32
		{78B4C4AC-075B-4CCC-8238-4C38B3465479}.Release|x86.Build.0 = Release|Win32
		{AB5DC925-D58E-486F-BA1F-8700786AE5E6}.Debug|x64.ActiveCfg = Debug|x64
		{AB5DC925-D58E-486F-BA1F-8700786AE5E6}.Debug|x64.Build.0 = Debug|x64
		{AB5DC925-D58E-486F-BA1F-8700786AE5E6}.Debug|x86.ActiveCfg = Debug|Win32
		{AB5DC925-D58E-486F-BA1F-8700786AE5E6}.Debug|x86.Build.0 = Debug|Win32
		{AB5DC925-D58E-486F-BA1F-8700786AE5E6}.Release|x64.ActiveCfg = Release|x64
		{AB5DC925-D58E-486F-BA1F-8700786AE5E6}.Release|x64.Build.0 = Release|x64
		{AB5DC925-D58E-486F-BA1F-8700786AE5E6}.Release|x86.ActiveCfg = Release|Win32
		{AB5DC925-D58E-486F-BA1F-8700786AE5E6}.Release|x86.Build.0 = Release|Win32
	EndGlobalSection
	GlobalSection(SolutionProperties) = preSolution
		HideSolutionNode = FALSE
	EndGlobalSection
	GlobalSection(ExtensibilityGlobals) = postSolution
		SolutionGuid = {588FC368-E792-4722-96BC-3937F8E959FB}
	EndGlobalSection
EndGlobal
