
Microsoft Visual Studio Solution File, Format Version 12.00
# Visual Studio Version 16
VisualStudioVersion = 16.0.31729.503
MinimumVisualStudioVersion = 10.0.40219.1
Project("{8BC9CEB8-8B4A-11D0-8D11-00A0C91BC942}") = "Section12_01", "Section12_00\Section12_00.vcxproj", "{16618463-04E2-4BD2-8D77-782281C343C4}"
EndProject
Project("{8BC9CEB8-8B4A-11D0-8D11-00A0C91BC942}") = "Section12_02", "Section12_02\Section12_02.vcxproj", "{4131A1B7-F776-4213-BEBC-B41BCC64C6D0}"
EndProject
Project("{8BC9CEB8-8B4A-11D0-8D11-00A0C91BC942}") = "Section12_03", "Section12_03\Section12_03.vcxproj", "{8237DA0C-6A31-42A9-BB52-485134809F82}"
EndProject
Project("{8BC9CEB8-8B4A-11D0-8D11-00A0C91BC942}") = "Section12_04", "Section12_04\Section12_04.vcxproj", "{FBC11E14-3A6D-4F24-BDA8-45721D1BC779}"
EndProject
Project("{8BC9CEB8-8B4A-11D0-8D11-00A0C91BC942}") = "Section12_05", "Section12_05\Section12_05.vcxproj", "{A89340AD-11EE-4757-AFCD-25E6560B5F97}"
EndProject
Project("{8BC9CEB8-8B4A-11D0-8D11-00A0C91BC942}") = "Section12_06", "Section12_06\Section12_06.vcxproj", "{2263A958-408D-419C-89F4-9890C0AEE5E5}"
EndProject
Project("{8BC9CEB8-8B4A-11D0-8D11-00A0C91BC942}") = "Section12_07", "Section12_07\Section12_07.vcxproj", "{912D6C86-D382-4834-A87E-F70B59275271}"
EndProject
Project("{8BC9CEB8-8B4A-11D0-8D11-00A0C91BC942}") = "Section12_08", "Section12_08\Section12_08.vcxproj", "{1935D002-611A-4B86-B233-F0C047DB8783}"
EndProject
Project("{8BC9CEB8-8B4A-11D0-8D11-00A0C91BC942}") = "Section12_09", "Section12_09\Section12_09.vcxproj", "{2C0E86E4-A5B0-44C7-BFC3-079A34354DB9}"
EndProject
Project("{8BC9CEB8-8B4A-11D0-8D11-00A0C91BC942}") = "Section12_10", "Section12_10\Section12_10.vcxproj", "{B39EE182-51A2-46AE-88AE-AFCEA59A9201}"
EndProject
Project("{8BC9CEB8-8B4A-11D0-8D11-00A0C91BC942}") = "Section12_11", "Section12_11\Section12_11.vcxproj", "{458C6906-DFAF-4DA4-8376-E3C09931013D}"
EndProject
Global
	GlobalSection(SolutionConfigurationPlatforms) = preSolution
		Debug|x64 = Debug|x64
		Debug|x86 = Debug|x86
		Release|x64 = Release|x64
		Release|x86 = Release|x86
	EndGlobalSection
	GlobalSection(ProjectConfigurationPlatforms) = postSolution
		{16618463-04E2-4BD2-8D77-782281C343C4}.Debug|x64.ActiveCfg = Debug|x64
		{16618463-04E2-4BD2-8D77-782281C343C4}.Debug|x64.Build.0 = Debug|x64
		{16618463-04E2-4BD2-8D77-782281C343C4}.Debug|x86.ActiveCfg = Debug|Win32
		{16618463-04E2-4BD2-8D77-782281C343C4}.Debug|x86.Build.0 = Debug|Win32
		{16618463-04E2-4BD2-8D77-782281C343C4}.Release|x64.ActiveCfg = Release|x64
		{16618463-04E2-4BD2-8D77-782281C343C4}.Release|x64.Build.0 = Release|x64
		{16618463-04E2-4BD2-8D77-782281C343C4}.Release|x86.ActiveCfg = Release|Win32
		{16618463-04E2-4BD2-8D77-782281C343C4}.Release|x86.Build.0 = Release|Win32
		{4131A1B7-F776-4213-BEBC-B41BCC64C6D0}.Debug|x64.ActiveCfg = Debug|x64
		{4131A1B7-F776-4213-BEBC-B41BCC64C6D0}.Debug|x64.Build.0 = Debug|x64
		{4131A1B7-F776-4213-BEBC-B41BCC64C6D0}.Debug|x86.ActiveCfg = Debug|Win32
		{4131A1B7-F776-4213-BEBC-B41BCC64C6D0}.Debug|x86.Build.0 = Debug|Win32
		{4131A1B7-F776-4213-BEBC-B41BCC64C6D0}.Release|x64.ActiveCfg = Release|x64
		{4131A1B7-F776-4213-BEBC-B41BCC64C6D0}.Release|x64.Build.0 = Release|x64
		{4131A1B7-F776-4213-BEBC-B41BCC64C6D0}.Release|x86.ActiveCfg = Release|Win32
		{4131A1B7-F776-4213-BEBC-B41BCC64C6D0}.Release|x86.Build.0 = Release|Win32
		{8237DA0C-6A31-42A9-BB52-485134809F82}.Debug|x64.ActiveCfg = Debug|x64
		{8237DA0C-6A31-42A9-BB52-485134809F82}.Debug|x64.Build.0 = Debug|x64
		{8237DA0C-6A31-42A9-BB52-485134809F82}.Debug|x86.ActiveCfg = Debug|Win32
		{8237DA0C-6A31-42A9-BB52-485134809F82}.Debug|x86.Build.0 = Debug|Win32
		{8237DA0C-6A31-42A9-BB52-485134809F82}.Release|x64.ActiveCfg = Release|x64
		{8237DA0C-6A31-42A9-BB52-485134809F82}.Release|x64.Build.0 = Release|x64
		{8237DA0C-6A31-42A9-BB52-485134809F82}.Release|x86.ActiveCfg = Release|Win32
		{8237DA0C-6A31-42A9-BB52-485134809F82}.Release|x86.Build.0 = Release|Win32
		{FBC11E14-3A6D-4F24-BDA8-45721D1BC779}.Debug|x64.ActiveCfg = Debug|x64
		{FBC11E14-3A6D-4F24-BDA8-45721D1BC779}.Debug|x64.Build.0 = Debug|x64
		{FBC11E14-3A6D-4F24-BDA8-45721D1BC779}.Debug|x86.ActiveCfg = Debug|Win32
		{FBC11E14-3A6D-4F24-BDA8-45721D1BC779}.Debug|x86.Build.0 = Debug|Win32
		{FBC11E14-3A6D-4F24-BDA8-45721D1BC779}.Release|x64.ActiveCfg = Release|x64
		{FBC11E14-3A6D-4F24-BDA8-45721D1BC779}.Release|x64.Build.0 = Release|x64
		{FBC11E14-3A6D-4F24-BDA8-45721D1BC779}.Release|x86.ActiveCfg = Release|Win32
		{FBC11E14-3A6D-4F24-BDA8-45721D1BC779}.Release|x86.Build.0 = Release|Win32
		{A89340AD-11EE-4757-AFCD-25E6560B5F97}.Debug|x64.ActiveCfg = Debug|x64
		{A89340AD-11EE-4757-AFCD-25E6560B5F97}.Debug|x64.Build.0 = Debug|x64
		{A89340AD-11EE-4757-AFCD-25E6560B5F97}.Debug|x86.ActiveCfg = Debug|Win32
		{A89340AD-11EE-4757-AFCD-25E6560B5F97}.Debug|x86.Build.0 = Debug|Win32
		{A89340AD-11EE-4757-AFCD-25E6560B5F97}.Release|x64.ActiveCfg = Release|x64
		{A89340AD-11EE-4757-AFCD-25E6560B5F97}.Release|x64.Build.0 = Release|x64
		{A89340AD-11EE-4757-AFCD-25E6560B5F97}.Release|x86.ActiveCfg = Release|Win32
		{A89340AD-11EE-4757-AFCD-25E6560B5F97}.Release|x86.Build.0 = Release|Win32
		{2263A958-408D-419C-89F4-9890C0AEE5E5}.Debug|x64.ActiveCfg = Debug|x64
		{2263A958-408D-419C-89F4-9890C0AEE5E5}.Debug|x64.Build.0 = Debug|x64
		{2263A958-408D-419C-89F4-9890C0AEE5E5}.Debug|x86.ActiveCfg = Debug|Win32
		{2263A958-408D-419C-89F4-9890C0AEE5E5}.Debug|x86.Build.0 = Debug|Win32
		{2263A958-408D-419C-89F4-9890C0AEE5E5}.Release|x64.ActiveCfg = Release|x64
		{2263A958-408D-419C-89F4-9890C0AEE5E5}.Release|x64.Build.0 = Release|x64
		{2263A958-408D-419C-89F4-9890C0AEE5E5}.Release|x86.ActiveCfg = Release|Win32
		{2263A958-408D-419C-89F4-9890C0AEE5E5}.Release|x86.Build.0 = Release|Win32
		{912D6C86-D382-4834-A87E-F70B59275271}.Debug|x64.ActiveCfg = Debug|x64
		{912D6C86-D382-4834-A87E-F70B59275271}.Debug|x64.Build.0 = Debug|x64
		{912D6C86-D382-4834-A87E-F70B59275271}.Debug|x86.ActiveCfg = Debug|Win32
		{912D6C86-D382-4834-A87E-F70B59275271}.Debug|x86.Build.0 = Debug|Win32
		{912D6C86-D382-4834-A87E-F70B59275271}.Release|x64.ActiveCfg = Release|x64
		{912D6C86-D382-4834-A87E-F70B59275271}.Release|x64.Build.0 = Release|x64
		{912D6C86-D382-4834-A87E-F70B59275271}.Release|x86.ActiveCfg = Release|Win32
		{912D6C86-D382-4834-A87E-F70B59275271}.Release|x86.Build.0 = Release|Win32
		{1935D002-611A-4B86-B233-F0C047DB8783}.Debug|x64.ActiveCfg = Debug|x64
		{1935D002-611A-4B86-B233-F0C047DB8783}.Debug|x64.Build.0 = Debug|x64
		{1935D002-611A-4B86-B233-F0C047DB8783}.Debug|x86.ActiveCfg = Debug|Win32
		{1935D002-611A-4B86-B233-F0C047DB8783}.Debug|x86.Build.0 = Debug|Win32
		{1935D002-611A-4B86-B233-F0C047DB8783}.Release|x64.ActiveCfg = Release|x64
		{1935D002-611A-4B86-B233-F0C047DB8783}.Release|x64.Build.0 = Release|x64
		{1935D002-611A-4B86-B233-F0C047DB8783}.Release|x86.ActiveCfg = Release|Win32
		{1935D002-611A-4B86-B233-F0C047DB8783}.Release|x86.Build.0 = Release|Win32
		{2C0E86E4-A5B0-44C7-BFC3-079A34354DB9}.Debug|x64.ActiveCfg = Debug|x64
		{2C0E86E4-A5B0-44C7-BFC3-079A34354DB9}.Debug|x64.Build.0 = Debug|x64
		{2C0E86E4-A5B0-44C7-BFC3-079A34354DB9}.Debug|x86.ActiveCfg = Debug|Win32
		{2C0E86E4-A5B0-44C7-BFC3-079A34354DB9}.Debug|x86.Build.0 = Debug|Win32
		{2C0E86E4-A5B0-44C7-BFC3-079A34354DB9}.Release|x64.ActiveCfg = Release|x64
		{2C0E86E4-A5B0-44C7-BFC3-079A34354DB9}.Release|x64.Build.0 = Release|x64
		{2C0E86E4-A5B0-44C7-BFC3-079A34354DB9}.Release|x86.ActiveCfg = Release|Win32
		{2C0E86E4-A5B0-44C7-BFC3-079A34354DB9}.Release|x86.Build.0 = Release|Win32
		{B39EE182-51A2-46AE-88AE-AFCEA59A9201}.Debug|x64.ActiveCfg = Debug|x64
		{B39EE182-51A2-46AE-88AE-AFCEA59A9201}.Debug|x64.Build.0 = Debug|x64
		{B39EE182-51A2-46AE-88AE-AFCEA59A9201}.Debug|x86.ActiveCfg = Debug|Win32
		{B39EE182-51A2-46AE-88AE-AFCEA59A9201}.Debug|x86.Build.0 = Debug|Win32
		{B39EE182-51A2-46AE-88AE-AFCEA59A9201}.Release|x64.ActiveCfg = Release|x64
		{B39EE182-51A2-46AE-88AE-AFCEA59A9201}.Release|x64.Build.0 = Release|x64
		{B39EE182-51A2-46AE-88AE-AFCEA59A9201}.Release|x86.ActiveCfg = Release|Win32
		{B39EE182-51A2-46AE-88AE-AFCEA59A9201}.Release|x86.Build.0 = Release|Win32
		{458C6906-DFAF-4DA4-8376-E3C09931013D}.Debug|x64.ActiveCfg = Debug|x64
		{458C6906-DFAF-4DA4-8376-E3C09931013D}.Debug|x64.Build.0 = Debug|x64
		{458C6906-DFAF-4DA4-8376-E3C09931013D}.Debug|x86.ActiveCfg = Debug|Win32
		{458C6906-DFAF-4DA4-8376-E3C09931013D}.Debug|x86.Build.0 = Debug|Win32
		{458C6906-DFAF-4DA4-8376-E3C09931013D}.Release|x64.ActiveCfg = Release|x64
		{458C6906-DFAF-4DA4-8376-E3C09931013D}.Release|x64.Build.0 = Release|x64
		{458C6906-DFAF-4DA4-8376-E3C09931013D}.Release|x86.ActiveCfg = Release|Win32
		{458C6906-DFAF-4DA4-8376-E3C09931013D}.Release|x86.Build.0 = Release|Win32
	EndGlobalSection
	GlobalSection(SolutionProperties) = preSolution
		HideSolutionNode = FALSE
	EndGlobalSection
	GlobalSection(ExtensibilityGlobals) = postSolution
		SolutionGuid = {D435A722-06BD-4E50-BAA1-B38B19F582BC}
	EndGlobalSection
EndGlobal
