
Microsoft Visual Studio Solution File, Format Version 12.00
# Visual Studio Version 16
VisualStudioVersion = 16.0.31729.503
MinimumVisualStudioVersion = 10.0.40219.1
Project("{8BC9CEB8-8B4A-11D0-8D11-00A0C91BC942}") = "STL03_01", "STL03_01\STL03_01.vcxproj", "{DD94B0EF-024E-4E68-AAF9-D2EC8EE445C9}"
EndProject
Project("{8BC9CEB8-8B4A-11D0-8D11-00A0C91BC942}") = "STL03_02", "STL03_02\STL03_02.vcxproj", "{F9C0235E-4D55-4AE9-A1DE-098D5FC902FD}"
EndProject
Project("{8BC9CEB8-8B4A-11D0-8D11-00A0C91BC942}") = "STL03_03", "STL03_03\STL03_03.vcxproj", "{10B02634-821E-4D0C-BDF5-F081CC7D856A}"
EndProject
Project("{8BC9CEB8-8B4A-11D0-8D11-00A0C91BC942}") = "STL03_04", "STL03_04\STL03_04.vcxproj", "{78866EBE-4706-4DB3-B006-57D32BD17DAC}"
EndProject
Project("{8BC9CEB8-8B4A-11D0-8D11-00A0C91BC942}") = "STL03_05", "STL03_05\STL03_05.vcxproj", "{B42D0E0B-2764-4DDB-B540-093EC4139955}"
EndProject
Project("{8BC9CEB8-8B4A-11D0-8D11-00A0C91BC942}") = "STL03_06", "STL03_06\STL03_06.vcxproj", "{4FEA1DBA-7F31-4607-ADA6-EA4724046F90}"
EndProject
Project("{8BC9CEB8-8B4A-11D0-8D11-00A0C91BC942}") = "STL03_07", "STL03_07\STL03_07.vcxproj", "{EC189A04-F1D6-4B8A-A264-9FFCCA5BE599}"
EndProject
Project("{8BC9CEB8-8B4A-11D0-8D11-00A0C91BC942}") = "STL03_08", "STL03_08\STL03_08.vcxproj", "{0655EB78-332D-492B-94D6-BDE3C5E37220}"
EndProject
Project("{8BC9CEB8-8B4A-11D0-8D11-00A0C91BC942}") = "STL03_09", "STL03_09\STL03_09.vcxproj", "{318E1946-54BD-4E43-B7EA-82FDFCB9AF51}"
EndProject
Project("{8BC9CEB8-8B4A-11D0-8D11-00A0C91BC942}") = "STL03_10", "STL03_10\STL03_10.vcxproj", "{2E2EFBEB-4971-4D1E-AFC3-2DA42ED39C87}"
EndProject
Project("{8BC9CEB8-8B4A-11D0-8D11-00A0C91BC942}") = "STL03_11", "STL03_11\STL03_11.vcxproj", "{1FF40D30-520C-4B9C-9565-D4669111A727}"
EndProject
Project("{8BC9CEB8-8B4A-11D0-8D11-00A0C91BC942}") = "STL03_12", "STL03_12\STL03_12.vcxproj", "{4FFEAAB6-B16C-4DBC-82F7-9D92A09BDD53}"
EndProject
Global
	GlobalSection(SolutionConfigurationPlatforms) = preSolution
		Debug|x64 = Debug|x64
		Debug|x86 = Debug|x86
		Release|x64 = Release|x64
		Release|x86 = Release|x86
	EndGlobalSection
	GlobalSection(ProjectConfigurationPlatforms) = postSolution
		{DD94B0EF-024E-4E68-AAF9-D2EC8EE445C9}.Debug|x64.ActiveCfg = Debug|x64
		{DD94B0EF-024E-4E68-AAF9-D2EC8EE445C9}.Debug|x64.Build.0 = Debug|x64
		{DD94B0EF-024E-4E68-AAF9-D2EC8EE445C9}.Debug|x86.ActiveCfg = Debug|Win32
		{DD94B0EF-024E-4E68-AAF9-D2EC8EE445C9}.Debug|x86.Build.0 = Debug|Win32
		{DD94B0EF-024E-4E68-AAF9-D2EC8EE445C9}.Release|x64.ActiveCfg = Release|x64
		{DD94B0EF-024E-4E68-AAF9-D2EC8EE445C9}.Release|x64.Build.0 = Release|x64
		{DD94B0EF-024E-4E68-AAF9-D2EC8EE445C9}.Release|x86.ActiveCfg = Release|Win32
		{DD94B0EF-024E-4E68-AAF9-D2EC8EE445C9}.Release|x86.Build.0 = Release|Win32
		{F9C0235E-4D55-4AE9-A1DE-098D5FC902FD}.Debug|x64.ActiveCfg = Debug|x64
		{F9C0235E-4D55-4AE9-A1DE-098D5FC902FD}.Debug|x64.Build.0 = Debug|x64
		{F9C0235E-4D55-4AE9-A1DE-098D5FC902FD}.Debug|x86.ActiveCfg = Debug|Win32
		{F9C0235E-4D55-4AE9-A1DE-098D5FC902FD}.Debug|x86.Build.0 = Debug|Win32
		{F9C0235E-4D55-4AE9-A1DE-098D5FC902FD}.Release|x64.ActiveCfg = Release|x64
		{F9C0235E-4D55-4AE9-A1DE-098D5FC902FD}.Release|x64.Build.0 = Release|x64
		{F9C0235E-4D55-4AE9-A1DE-098D5FC902FD}.Release|x86.ActiveCfg = Release|Win32
		{F9C0235E-4D55-4AE9-A1DE-098D5FC902FD}.Release|x86.Build.0 = Release|Win32
		{10B02634-821E-4D0C-BDF5-F081CC7D856A}.Debug|x64.ActiveCfg = Debug|x64
		{10B02634-821E-4D0C-BDF5-F081CC7D856A}.Debug|x64.Build.0 = Debug|x64
		{10B02634-821E-4D0C-BDF5-F081CC7D856A}.Debug|x86.ActiveCfg = Debug|Win32
		{10B02634-821E-4D0C-BDF5-F081CC7D856A}.Debug|x86.Build.0 = Debug|Win32
		{10B02634-821E-4D0C-BDF5-F081CC7D856A}.Release|x64.ActiveCfg = Release|x64
		{10B02634-821E-4D0C-BDF5-F081CC7D856A}.Release|x64.Build.0 = Release|x64
		{10B02634-821E-4D0C-BDF5-F081CC7D856A}.Release|x86.ActiveCfg = Release|Win32
		{10B02634-821E-4D0C-BDF5-F081CC7D856A}.Release|x86.Build.0 = Release|Win32
		{78866EBE-4706-4DB3-B006-57D32BD17DAC}.Debug|x64.ActiveCfg = Debug|x64
		{78866EBE-4706-4DB3-B006-57D32BD17DAC}.Debug|x64.Build.0 = Debug|x64
		{78866EBE-4706-4DB3-B006-57D32BD17DAC}.Debug|x86.ActiveCfg = Debug|Win32
		{78866EBE-4706-4DB3-B006-57D32BD17DAC}.Debug|x86.Build.0 = Debug|Win32
		{78866EBE-4706-4DB3-B006-57D32BD17DAC}.Release|x64.ActiveCfg = Release|x64
		{78866EBE-4706-4DB3-B006-57D32BD17DAC}.Release|x64.Build.0 = Release|x64
		{78866EBE-4706-4DB3-B006-57D32BD17DAC}.Release|x86.ActiveCfg = Release|Win32
		{78866EBE-4706-4DB3-B006-57D32BD17DAC}.Release|x86.Build.0 = Release|Win32
		{B42D0E0B-2764-4DDB-B540-093EC4139955}.Debug|x64.ActiveCfg = Debug|x64
		{B42D0E0B-2764-4DDB-B540-093EC4139955}.Debug|x64.Build.0 = Debug|x64
		{B42D0E0B-2764-4DDB-B540-093EC4139955}.Debug|x86.ActiveCfg = Debug|Win32
		{B42D0E0B-2764-4DDB-B540-093EC4139955}.Debug|x86.Build.0 = Debug|Win32
		{B42D0E0B-2764-4DDB-B540-093EC4139955}.Release|x64.ActiveCfg = Release|x64
		{B42D0E0B-2764-4DDB-B540-093EC4139955}.Release|x64.Build.0 = Release|x64
		{B42D0E0B-2764-4DDB-B540-093EC4139955}.Release|x86.ActiveCfg = Release|Win32
		{B42D0E0B-2764-4DDB-B540-093EC4139955}.Release|x86.Build.0 = Release|Win32
		{4FEA1DBA-7F31-4607-ADA6-EA4724046F90}.Debug|x64.ActiveCfg = Debug|x64
		{4FEA1DBA-7F31-4607-ADA6-EA4724046F90}.Debug|x64.Build.0 = Debug|x64
		{4FEA1DBA-7F31-4607-ADA6-EA4724046F90}.Debug|x86.ActiveCfg = Debug|Win32
		{4FEA1DBA-7F31-4607-ADA6-EA4724046F90}.Debug|x86.Build.0 = Debug|Win32
		{4FEA1DBA-7F31-4607-ADA6-EA4724046F90}.Release|x64.ActiveCfg = Release|x64
		{4FEA1DBA-7F31-4607-ADA6-EA4724046F90}.Release|x64.Build.0 = Release|x64
		{4FEA1DBA-7F31-4607-ADA6-EA4724046F90}.Release|x86.ActiveCfg = Release|Win32
		{4FEA1DBA-7F31-4607-ADA6-EA4724046F90}.Release|x86.Build.0 = Release|Win32
		{EC189A04-F1D6-4B8A-A264-9FFCCA5BE599}.Debug|x64.ActiveCfg = Debug|x64
		{EC189A04-F1D6-4B8A-A264-9FFCCA5BE599}.Debug|x64.Build.0 = Debug|x64
		{EC189A04-F1D6-4B8A-A264-9FFCCA5BE599}.Debug|x86.ActiveCfg = Debug|Win32
		{EC189A04-F1D6-4B8A-A264-9FFCCA5BE599}.Debug|x86.Build.0 = Debug|Win32
		{EC189A04-F1D6-4B8A-A264-9FFCCA5BE599}.Release|x64.ActiveCfg = Release|x64
		{EC189A04-F1D6-4B8A-A264-9FFCCA5BE599}.Release|x64.Build.0 = Release|x64
		{EC189A04-F1D6-4B8A-A264-9FFCCA5BE599}.Release|x86.ActiveCfg = Release|Win32
		{EC189A04-F1D6-4B8A-A264-9FFCCA5BE599}.Release|x86.Build.0 = Release|Win32
		{0655EB78-332D-492B-94D6-BDE3C5E37220}.Debug|x64.ActiveCfg = Debug|x64
		{0655EB78-332D-492B-94D6-BDE3C5E37220}.Debug|x64.Build.0 = Debug|x64
		{0655EB78-332D-492B-94D6-BDE3C5E37220}.Debug|x86.ActiveCfg = Debug|Win32
		{0655EB78-332D-492B-94D6-BDE3C5E37220}.Debug|x86.Build.0 = Debug|Win32
		{0655EB78-332D-492B-94D6-BDE3C5E37220}.Release|x64.ActiveCfg = Release|x64
		{0655EB78-332D-492B-94D6-BDE3C5E37220}.Release|x64.Build.0 = Release|x64
		{0655EB78-332D-492B-94D6-BDE3C5E37220}.Release|x86.ActiveCfg = Release|Win32
		{0655EB78-332D-492B-94D6-BDE3C5E37220}.Release|x86.Build.0 = Release|Win32
		{318E1946-54BD-4E43-B7EA-82FDFCB9AF51}.Debug|x64.ActiveCfg = Debug|x64
		{318E1946-54BD-4E43-B7EA-82FDFCB9AF51}.Debug|x64.Build.0 = Debug|x64
		{318E1946-54BD-4E43-B7EA-82FDFCB9AF51}.Debug|x86.ActiveCfg = Debug|Win32
		{318E1946-54BD-4E43-B7EA-82FDFCB9AF51}.Debug|x86.Build.0 = Debug|Win32
		{318E1946-54BD-4E43-B7EA-82FDFCB9AF51}.Release|x64.ActiveCfg = Release|x64
		{318E1946-54BD-4E43-B7EA-82FDFCB9AF51}.Release|x64.Build.0 = Release|x64
		{318E1946-54BD-4E43-B7EA-82FDFCB9AF51}.Release|x86.ActiveCfg = Release|Win32
		{318E1946-54BD-4E43-B7EA-82FDFCB9AF51}.Release|x86.Build.0 = Release|Win32
		{2E2EFBEB-4971-4D1E-AFC3-2DA42ED39C87}.Debug|x64.ActiveCfg = Debug|x64
		{2E2EFBEB-4971-4D1E-AFC3-2DA42ED39C87}.Debug|x64.Build.0 = Debug|x64
		{2E2EFBEB-4971-4D1E-AFC3-2DA42ED39C87}.Debug|x86.ActiveCfg = Debug|Win32
		{2E2EFBEB-4971-4D1E-AFC3-2DA42ED39C87}.Debug|x86.Build.0 = Debug|Win32
		{2E2EFBEB-4971-4D1E-AFC3-2DA42ED39C87}.Release|x64.ActiveCfg = Release|x64
		{2E2EFBEB-4971-4D1E-AFC3-2DA42ED39C87}.Release|x64.Build.0 = Release|x64
		{2E2EFBEB-4971-4D1E-AFC3-2DA42ED39C87}.Release|x86.ActiveCfg = Release|Win32
		{2E2EFBEB-4971-4D1E-AFC3-2DA42ED39C87}.Release|x86.Build.0 = Release|Win32
		{1FF40D30-520C-4B9C-9565-D4669111A727}.Debug|x64.ActiveCfg = Debug|x64
		{1FF40D30-520C-4B9C-9565-D4669111A727}.Debug|x64.Build.0 = Debug|x64
		{1FF40D30-520C-4B9C-9565-D4669111A727}.Debug|x86.ActiveCfg = Debug|Win32
		{1FF40D30-520C-4B9C-9565-D4669111A727}.Debug|x86.Build.0 = Debug|Win32
		{1FF40D30-520C-4B9C-9565-D4669111A727}.Release|x64.ActiveCfg = Release|x64
		{1FF40D30-520C-4B9C-9565-D4669111A727}.Release|x64.Build.0 = Release|x64
		{1FF40D30-520C-4B9C-9565-D4669111A727}.Release|x86.ActiveCfg = Release|Win32
		{1FF40D30-520C-4B9C-9565-D4669111A727}.Release|x86.Build.0 = Release|Win32
		{4FFEAAB6-B16C-4DBC-82F7-9D92A09BDD53}.Debug|x64.ActiveCfg = Debug|x64
		{4FFEAAB6-B16C-4DBC-82F7-9D92A09BDD53}.Debug|x64.Build.0 = Debug|x64
		{4FFEAAB6-B16C-4DBC-82F7-9D92A09BDD53}.Debug|x86.ActiveCfg = Debug|Win32
		{4FFEAAB6-B16C-4DBC-82F7-9D92A09BDD53}.Debug|x86.Build.0 = Debug|Win32
		{4FFEAAB6-B16C-4DBC-82F7-9D92A09BDD53}.Release|x64.ActiveCfg = Release|x64
		{4FFEAAB6-B16C-4DBC-82F7-9D92A09BDD53}.Release|x64.Build.0 = Release|x64
		{4FFEAAB6-B16C-4DBC-82F7-9D92A09BDD53}.Release|x86.ActiveCfg = Release|Win32
		{4FFEAAB6-B16C-4DBC-82F7-9D92A09BDD53}.Release|x86.Build.0 = Release|Win32
	EndGlobalSection
	GlobalSection(SolutionProperties) = preSolution
		HideSolutionNode = FALSE
	EndGlobalSection
	GlobalSection(ExtensibilityGlobals) = postSolution
		SolutionGuid = {0C957761-0AFE-4E32-83F6-8AE5F83DE8C8}
	EndGlobalSection
EndGlobal
