
Microsoft Visual Studio Solution File, Format Version 12.00
# Visual Studio Version 16
VisualStudioVersion = 16.0.31729.503
MinimumVisualStudioVersion = 10.0.40219.1
Project("{8BC9CEB8-8B4A-11D0-8D11-00A0C91BC942}") = "Section09_01", "Section09_01\Section09_01.vcxproj", "{0C12AF1B-16DE-47A9-A36E-6FAA8170B1C9}"
EndProject
Project("{8BC9CEB8-8B4A-11D0-8D11-00A0C91BC942}") = "Section09_02", "Section09_02\Section09_02.vcxproj", "{84CFFEAE-5AF8-4571-973B-EE403D033DC2}"
EndProject
Project("{8BC9CEB8-8B4A-11D0-8D11-00A0C91BC942}") = "Section09_03", "Section09_03\Section09_03.vcxproj", "{DF960D25-D796-41DB-AA2A-BD3C15E3D8D2}"
EndProject
Project("{8BC9CEB8-8B4A-11D0-8D11-00A0C91BC942}") = "Section09_04", "Section09_04\Section09_04.vcxproj", "{F2F58D72-85FD-4C41-A740-6EBD906572FA}"
EndProject
Project("{8BC9CEB8-8B4A-11D0-8D11-00A0C91BC942}") = "Section09_05", "Section09_05\Section09_05.vcxproj", "{9485339B-9222-498F-A80A-AD29423E5629}"
EndProject
Project("{8BC9CEB8-8B4A-11D0-8D11-00A0C91BC942}") = "Section09_06", "Section09_06\Section09_06.vcxproj", "{B1D05951-24C7-42CA-9E9B-D5C17CE4142A}"
EndProject
Project("{8BC9CEB8-8B4A-11D0-8D11-00A0C91BC942}") = "Section09_07", "Section09_07\Section09_07.vcxproj", "{48E1A9FD-0D2C-468C-9D8A-DC4131F5D16E}"
EndProject
Project("{8BC9CEB8-8B4A-11D0-8D11-00A0C91BC942}") = "Section09_08", "Section09_08\Section09_08.vcxproj", "{16236E4B-D9EF-453E-A18A-95BCE9E3DC06}"
EndProject
Project("{8BC9CEB8-8B4A-11D0-8D11-00A0C91BC942}") = "Section09_09", "Section09_09\Section09_09.vcxproj", "{9B7EE53B-484C-4683-A33D-98F6B36C9F44}"
EndProject
Project("{8BC9CEB8-8B4A-11D0-8D11-00A0C91BC942}") = "Section09_10", "Section09_10\Section09_10.vcxproj", "{66098547-5D94-4094-AF95-939376D0F441}"
EndProject
Project("{8BC9CEB8-8B4A-11D0-8D11-00A0C91BC942}") = "Section09_11", "Section09_11\Section09_11.vcxproj", "{53B92D8F-B655-4CD7-914C-7A87556FC3BB}"
EndProject
Project("{8BC9CEB8-8B4A-11D0-8D11-00A0C91BC942}") = "Section09_12", "Section09_12\Section09_12.vcxproj", "{65BBF285-6F03-485E-8866-8261070CA038}"
EndProject
Global
	GlobalSection(SolutionConfigurationPlatforms) = preSolution
		Debug|x64 = Debug|x64
		Debug|x86 = Debug|x86
		Release|x64 = Release|x64
		Release|x86 = Release|x86
	EndGlobalSection
	GlobalSection(ProjectConfigurationPlatforms) = postSolution
		{0C12AF1B-16DE-47A9-A36E-6FAA8170B1C9}.Debug|x64.ActiveCfg = Debug|x64
		{0C12AF1B-16DE-47A9-A36E-6FAA8170B1C9}.Debug|x64.Build.0 = Debug|x64
		{0C12AF1B-16DE-47A9-A36E-6FAA8170B1C9}.Debug|x86.ActiveCfg = Debug|Win32
		{0C12AF1B-16DE-47A9-A36E-6FAA8170B1C9}.Debug|x86.Build.0 = Debug|Win32
		{0C12AF1B-16DE-47A9-A36E-6FAA8170B1C9}.Release|x64.ActiveCfg = Release|x64
		{0C12AF1B-16DE-47A9-A36E-6FAA8170B1C9}.Release|x64.Build.0 = Release|x64
		{0C12AF1B-16DE-47A9-A36E-6FAA8170B1C9}.Release|x86.ActiveCfg = Release|Win32
		{0C12AF1B-16DE-47A9-A36E-6FAA8170B1C9}.Release|x86.Build.0 = Release|Win32
		{84CFFEAE-5AF8-4571-973B-EE403D033DC2}.Debug|x64.ActiveCfg = Debug|x64
		{84CFFEAE-5AF8-4571-973B-EE403D033DC2}.Debug|x64.Build.0 = Debug|x64
		{84CFFEAE-5AF8-4571-973B-EE403D033DC2}.Debug|x86.ActiveCfg = Debug|Win32
		{84CFFEAE-5AF8-4571-973B-EE403D033DC2}.Debug|x86.Build.0 = Debug|Win32
		{84CFFEAE-5AF8-4571-973B-EE403D033DC2}.Release|x64.ActiveCfg = Release|x64
		{84CFFEAE-5AF8-4571-973B-EE403D033DC2}.Release|x64.Build.0 = Release|x64
		{84CFFEAE-5AF8-4571-973B-EE403D033DC2}.Release|x86.ActiveCfg = Release|Win32
		{84CFFEAE-5AF8-4571-973B-EE403D033DC2}.Release|x86.Build.0 = Release|Win32
		{DF960D25-D796-41DB-AA2A-BD3C15E3D8D2}.Debug|x64.ActiveCfg = Debug|x64
		{DF960D25-D796-41DB-AA2A-BD3C15E3D8D2}.Debug|x64.Build.0 = Debug|x64
		{DF960D25-D796-41DB-AA2A-BD3C15E3D8D2}.Debug|x86.ActiveCfg = Debug|Win32
		{DF960D25-D796-41DB-AA2A-BD3C15E3D8D2}.Debug|x86.Build.0 = Debug|Win32
		{DF960D25-D796-41DB-AA2A-BD3C15E3D8D2}.Release|x64.ActiveCfg = Release|x64
		{DF960D25-D796-41DB-AA2A-BD3C15E3D8D2}.Release|x64.Build.0 = Release|x64
		{DF960D25-D796-41DB-AA2A-BD3C15E3D8D2}.Release|x86.ActiveCfg = Release|Win32
		{DF960D25-D796-41DB-AA2A-BD3C15E3D8D2}.Release|x86.Build.0 = Release|Win32
		{F2F58D72-85FD-4C41-A740-6EBD906572FA}.Debug|x64.ActiveCfg = Debug|x64
		{F2F58D72-85FD-4C41-A740-6EBD906572FA}.Debug|x64.Build.0 = Debug|x64
		{F2F58D72-85FD-4C41-A740-6EBD906572FA}.Debug|x86.ActiveCfg = Debug|Win32
		{F2F58D72-85FD-4C41-A740-6EBD906572FA}.Debug|x86.Build.0 = Debug|Win32
		{F2F58D72-85FD-4C41-A740-6EBD906572FA}.Release|x64.ActiveCfg = Release|x64
		{F2F58D72-85FD-4C41-A740-6EBD906572FA}.Release|x64.Build.0 = Release|x64
		{F2F58D72-85FD-4C41-A740-6EBD906572FA}.Release|x86.ActiveCfg = Release|Win32
		{F2F58D72-85FD-4C41-A740-6EBD906572FA}.Release|x86.Build.0 = Release|Win32
		{9485339B-9222-498F-A80A-AD29423E5629}.Debug|x64.ActiveCfg = Debug|x64
		{9485339B-9222-498F-A80A-AD29423E5629}.Debug|x64.Build.0 = Debug|x64
		{9485339B-9222-498F-A80A-AD29423E5629}.Debug|x86.ActiveCfg = Debug|Win32
		{9485339B-9222-498F-A80A-AD29423E5629}.Debug|x86.Build.0 = Debug|Win32
		{9485339B-9222-498F-A80A-AD29423E5629}.Release|x64.ActiveCfg = Release|x64
		{9485339B-9222-498F-A80A-AD29423E5629}.Release|x64.Build.0 = Release|x64
		{9485339B-9222-498F-A80A-AD29423E5629}.Release|x86.ActiveCfg = Release|Win32
		{9485339B-9222-498F-A80A-AD29423E5629}.Release|x86.Build.0 = Release|Win32
		{B1D05951-24C7-42CA-9E9B-D5C17CE4142A}.Debug|x64.ActiveCfg = Debug|x64
		{B1D05951-24C7-42CA-9E9B-D5C17CE4142A}.Debug|x64.Build.0 = Debug|x64
		{B1D05951-24C7-42CA-9E9B-D5C17CE4142A}.Debug|x86.ActiveCfg = Debug|Win32
		{B1D05951-24C7-42CA-9E9B-D5C17CE4142A}.Debug|x86.Build.0 = Debug|Win32
		{B1D05951-24C7-42CA-9E9B-D5C17CE4142A}.Release|x64.ActiveCfg = Release|x64
		{B1D05951-24C7-42CA-9E9B-D5C17CE4142A}.Release|x64.Build.0 = Release|x64
		{B1D05951-24C7-42CA-9E9B-D5C17CE4142A}.Release|x86.ActiveCfg = Release|Win32
		{B1D05951-24C7-42CA-9E9B-D5C17CE4142A}.Release|x86.Build.0 = Release|Win32
		{48E1A9FD-0D2C-468C-9D8A-DC4131F5D16E}.Debug|x64.ActiveCfg = Debug|x64
		{48E1A9FD-0D2C-468C-9D8A-DC4131F5D16E}.Debug|x64.Build.0 = Debug|x64
		{48E1A9FD-0D2C-468C-9D8A-DC4131F5D16E}.Debug|x86.ActiveCfg = Debug|Win32
		{48E1A9FD-0D2C-468C-9D8A-DC4131F5D16E}.Debug|x86.Build.0 = Debug|Win32
		{48E1A9FD-0D2C-468C-9D8A-DC4131F5D16E}.Release|x64.ActiveCfg = Release|x64
		{48E1A9FD-0D2C-468C-9D8A-DC4131F5D16E}.Release|x64.Build.0 = Release|x64
		{48E1A9FD-0D2C-468C-9D8A-DC4131F5D16E}.Release|x86.ActiveCfg = Release|Win32
		{48E1A9FD-0D2C-468C-9D8A-DC4131F5D16E}.Release|x86.Build.0 = Release|Win32
		{16236E4B-D9EF-453E-A18A-95BCE9E3DC06}.Debug|x64.ActiveCfg = Debug|x64
		{16236E4B-D9EF-453E-A18A-95BCE9E3DC06}.Debug|x64.Build.0 = Debug|x64
		{16236E4B-D9EF-453E-A18A-95BCE9E3DC06}.Debug|x86.ActiveCfg = Debug|Win32
		{16236E4B-D9EF-453E-A18A-95BCE9E3DC06}.Debug|x86.Build.0 = Debug|Win32
		{16236E4B-D9EF-453E-A18A-95BCE9E3DC06}.Release|x64.ActiveCfg = Release|x64
		{16236E4B-D9EF-453E-A18A-95BCE9E3DC06}.Release|x64.Build.0 = Release|x64
		{16236E4B-D9EF-453E-A18A-95BCE9E3DC06}.Release|x86.ActiveCfg = Release|Win32
		{16236E4B-D9EF-453E-A18A-95BCE9E3DC06}.Release|x86.Build.0 = Release|Win32
		{9B7EE53B-484C-4683-A33D-98F6B36C9F44}.Debug|x64.ActiveCfg = Debug|x64
		{9B7EE53B-484C-4683-A33D-98F6B36C9F44}.Debug|x64.Build.0 = Debug|x64
		{9B7EE53B-484C-4683-A33D-98F6B36C9F44}.Debug|x86.ActiveCfg = Debug|Win32
		{9B7EE53B-484C-4683-A33D-98F6B36C9F44}.Debug|x86.Build.0 = Debug|Win32
		{9B7EE53B-484C-4683-A33D-98F6B36C9F44}.Release|x64.ActiveCfg = Release|x64
		{9B7EE53B-484C-4683-A33D-98F6B36C9F44}.Release|x64.Build.0 = Release|x64
		{9B7EE53B-484C-4683-A33D-98F6B36C9F44}.Release|x86.ActiveCfg = Release|Win32
		{9B7EE53B-484C-4683-A33D-98F6B36C9F44}.Release|x86.Build.0 = Release|Win32
		{66098547-5D94-4094-AF95-939376D0F441}.Debug|x64.ActiveCfg = Debug|x64
		{66098547-5D94-4094-AF95-939376D0F441}.Debug|x64.Build.0 = Debug|x64
		{66098547-5D94-4094-AF95-939376D0F441}.Debug|x86.ActiveCfg = Debug|Win32
		{66098547-5D94-4094-AF95-939376D0F441}.Debug|x86.Build.0 = Debug|Win32
		{66098547-5D94-4094-AF95-939376D0F441}.Release|x64.ActiveCfg = Release|x64
		{66098547-5D94-4094-AF95-939376D0F441}.Release|x64.Build.0 = Release|x64
		{66098547-5D94-4094-AF95-939376D0F441}.Release|x86.ActiveCfg = Release|Win32
		{66098547-5D94-4094-AF95-939376D0F441}.Release|x86.Build.0 = Release|Win32
		{53B92D8F-B655-4CD7-914C-7A87556FC3BB}.Debug|x64.ActiveCfg = Debug|x64
		{53B92D8F-B655-4CD7-914C-7A87556FC3BB}.Debug|x64.Build.0 = Debug|x64
		{53B92D8F-B655-4CD7-914C-7A87556FC3BB}.Debug|x86.ActiveCfg = Debug|Win32
		{53B92D8F-B655-4CD7-914C-7A87556FC3BB}.Debug|x86.Build.0 = Debug|Win32
		{53B92D8F-B655-4CD7-914C-7A87556FC3BB}.Release|x64.ActiveCfg = Release|x64
		{53B92D8F-B655-4CD7-914C-7A87556FC3BB}.Release|x64.Build.0 = Release|x64
		{53B92D8F-B655-4CD7-914C-7A87556FC3BB}.Release|x86.ActiveCfg = Release|Win32
		{53B92D8F-B655-4CD7-914C-7A87556FC3BB}.Release|x86.Build.0 = Release|Win32
		{65BBF285-6F03-485E-8866-8261070CA038}.Debug|x64.ActiveCfg = Debug|x64
		{65BBF285-6F03-485E-8866-8261070CA038}.Debug|x64.Build.0 = Debug|x64
		{65BBF285-6F03-485E-8866-8261070CA038}.Debug|x86.ActiveCfg = Debug|Win32
		{65BBF285-6F03-485E-8866-8261070CA038}.Debug|x86.Build.0 = Debug|Win32
		{65BBF285-6F03-485E-8866-8261070CA038}.Release|x64.ActiveCfg = Release|x64
		{65BBF285-6F03-485E-8866-8261070CA038}.Release|x64.Build.0 = Release|x64
		{65BBF285-6F03-485E-8866-8261070CA038}.Release|x86.ActiveCfg = Release|Win32
		{65BBF285-6F03-485E-8866-8261070CA038}.Release|x86.Build.0 = Release|Win32
	EndGlobalSection
	GlobalSection(SolutionProperties) = preSolution
		HideSolutionNode = FALSE
	EndGlobalSection
	GlobalSection(ExtensibilityGlobals) = postSolution
		SolutionGuid = {D146639A-483C-4510-A881-B4AA2D587695}
	EndGlobalSection
EndGlobal
