
Microsoft Visual Studio Solution File, Format Version 12.00
# Visual Studio Version 16
VisualStudioVersion = 16.0.31729.503
MinimumVisualStudioVersion = 10.0.40219.1
Project("{8BC9CEB8-8B4A-11D0-8D11-00A0C91BC942}") = "Section03_01", "Section03_01\Section03_01.vcxproj", "{3CEBDA01-3AC3-47AD-A99D-CA1027010C9C}"
EndProject
Project("{8BC9CEB8-8B4A-11D0-8D11-00A0C91BC942}") = "Section03_02", "Section03_02\Section03_02.vcxproj", "{61215900-EC2D-411A-8416-38E0273D437A}"
EndProject
Project("{8BC9CEB8-8B4A-11D0-8D11-00A0C91BC942}") = "Section03_03", "Section03_03\Section03_03.vcxproj", "{DFECA0B9-07D0-433B-9013-5DFB99F4904F}"
EndProject
Project("{8BC9CEB8-8B4A-11D0-8D11-00A0C91BC942}") = "Section03_04", "Section03_04\Section03_04.vcxproj", "{5840DA87-5EEE-466B-909B-CE3F01F03F64}"
EndProject
Project("{8BC9CEB8-8B4A-11D0-8D11-00A0C91BC942}") = "Section03_05", "Section03_05\Section03_05.vcxproj", "{EEB39A33-B206-43C0-AF78-1CD3AD4F9ECC}"
EndProject
Project("{8BC9CEB8-8B4A-11D0-8D11-00A0C91BC942}") = "Section03_06", "Section03_06\Section03_06.vcxproj", "{DF29D931-019C-4C99-BB5D-B7BC2A7337AD}"
EndProject
Project("{8BC9CEB8-8B4A-11D0-8D11-00A0C91BC942}") = "Section03_07", "Section03_07\Section03_07.vcxproj", "{758D0986-BC41-4987-94F6-CDABBED3B9D9}"
EndProject
Project("{8BC9CEB8-8B4A-11D0-8D11-00A0C91BC942}") = "Section03_08", "Section03_08\Section03_08.vcxproj", "{955C7F24-D515-4D76-940C-79B97B8C32AA}"
EndProject
Project("{8BC9CEB8-8B4A-11D0-8D11-00A0C91BC942}") = "Section03_09", "Section03_09\Section03_09.vcxproj", "{F7E1D66B-C849-4ECB-8E01-9BC68A502483}"
EndProject
Global
	GlobalSection(SolutionConfigurationPlatforms) = preSolution
		Debug|x64 = Debug|x64
		Debug|x86 = Debug|x86
		Release|x64 = Release|x64
		Release|x86 = Release|x86
	EndGlobalSection
	GlobalSection(ProjectConfigurationPlatforms) = postSolution
		{3CEBDA01-3AC3-47AD-A99D-CA1027010C9C}.Debug|x64.ActiveCfg = Debug|x64
		{3CEBDA01-3AC3-47AD-A99D-CA1027010C9C}.Debug|x64.Build.0 = Debug|x64
		{3CEBDA01-3AC3-47AD-A99D-CA1027010C9C}.Debug|x86.ActiveCfg = Debug|Win32
		{3CEBDA01-3AC3-47AD-A99D-CA1027010C9C}.Debug|x86.Build.0 = Debug|Win32
		{3CEBDA01-3AC3-47AD-A99D-CA1027010C9C}.Release|x64.ActiveCfg = Release|x64
		{3CEBDA01-3AC3-47AD-A99D-CA1027010C9C}.Release|x64.Build.0 = Release|x64
		{3CEBDA01-3AC3-47AD-A99D-CA1027010C9C}.Release|x86.ActiveCfg = Release|Win32
		{3CEBDA01-3AC3-47AD-A99D-CA1027010C9C}.Release|x86.Build.0 = Release|Win32
		{61215900-EC2D-411A-8416-38E0273D437A}.Debug|x64.ActiveCfg = Debug|x64
		{61215900-EC2D-411A-8416-38E0273D437A}.Debug|x64.Build.0 = Debug|x64
		{61215900-EC2D-411A-8416-38E0273D437A}.Debug|x86.ActiveCfg = Debug|Win32
		{61215900-EC2D-411A-8416-38E0273D437A}.Debug|x86.Build.0 = Debug|Win32
		{61215900-EC2D-411A-8416-38E0273D437A}.Release|x64.ActiveCfg = Release|x64
		{61215900-EC2D-411A-8416-38E0273D437A}.Release|x64.Build.0 = Release|x64
		{61215900-EC2D-411A-8416-38E0273D437A}.Release|x86.ActiveCfg = Release|Win32
		{61215900-EC2D-411A-8416-38E0273D437A}.Release|x86.Build.0 = Release|Win32
		{DFECA0B9-07D0-433B-9013-5DFB99F4904F}.Debug|x64.ActiveCfg = Debug|x64
		{DFECA0B9-07D0-433B-9013-5DFB99F4904F}.Debug|x64.Build.0 = Debug|x64
		{DFECA0B9-07D0-433B-9013-5DFB99F4904F}.Debug|x86.ActiveCfg = Debug|Win32
		{DFECA0B9-07D0-433B-9013-5DFB99F4904F}.Debug|x86.Build.0 = Debug|Win32
		{DFECA0B9-07D0-433B-9013-5DFB99F4904F}.Release|x64.ActiveCfg = Release|x64
		{DFECA0B9-07D0-433B-9013-5DFB99F4904F}.Release|x64.Build.0 = Release|x64
		{DFECA0B9-07D0-433B-9013-5DFB99F4904F}.Release|x86.ActiveCfg = Release|Win32
		{DFECA0B9-07D0-433B-9013-5DFB99F4904F}.Release|x86.Build.0 = Release|Win32
		{5840DA87-5EEE-466B-909B-CE3F01F03F64}.Debug|x64.ActiveCfg = Debug|x64
		{5840DA87-5EEE-466B-909B-CE3F01F03F64}.Debug|x64.Build.0 = Debug|x64
		{5840DA87-5EEE-466B-909B-CE3F01F03F64}.Debug|x86.ActiveCfg = Debug|Win32
		{5840DA87-5EEE-466B-909B-CE3F01F03F64}.Debug|x86.Build.0 = Debug|Win32
		{5840DA87-5EEE-466B-909B-CE3F01F03F64}.Release|x64.ActiveCfg = Release|x64
		{5840DA87-5EEE-466B-909B-CE3F01F03F64}.Release|x64.Build.0 = Release|x64
		{5840DA87-5EEE-466B-909B-CE3F01F03F64}.Release|x86.ActiveCfg = Release|Win32
		{5840DA87-5EEE-466B-909B-CE3F01F03F64}.Release|x86.Build.0 = Release|Win32
		{EEB39A33-B206-43C0-AF78-1CD3AD4F9ECC}.Debug|x64.ActiveCfg = Debug|x64
		{EEB39A33-B206-43C0-AF78-1CD3AD4F9ECC}.Debug|x64.Build.0 = Debug|x64
		{EEB39A33-B206-43C0-AF78-1CD3AD4F9ECC}.Debug|x86.ActiveCfg = Debug|Win32
		{EEB39A33-B206-43C0-AF78-1CD3AD4F9ECC}.Debug|x86.Build.0 = Debug|Win32
		{EEB39A33-B206-43C0-AF78-1CD3AD4F9ECC}.Release|x64.ActiveCfg = Release|x64
		{EEB39A33-B206-43C0-AF78-1CD3AD4F9ECC}.Release|x64.Build.0 = Release|x64
		{EEB39A33-B206-43C0-AF78-1CD3AD4F9ECC}.Release|x86.ActiveCfg = Release|Win32
		{EEB39A33-B206-43C0-AF78-1CD3AD4F9ECC}.Release|x86.Build.0 = Release|Win32
		{DF29D931-019C-4C99-BB5D-B7BC2A7337AD}.Debug|x64.ActiveCfg = Debug|x64
		{DF29D931-019C-4C99-BB5D-B7BC2A7337AD}.Debug|x64.Build.0 = Debug|x64
		{DF29D931-019C-4C99-BB5D-B7BC2A7337AD}.Debug|x86.ActiveCfg = Debug|Win32
		{DF29D931-019C-4C99-BB5D-B7BC2A7337AD}.Debug|x86.Build.0 = Debug|Win32
		{DF29D931-019C-4C99-BB5D-B7BC2A7337AD}.Release|x64.ActiveCfg = Release|x64
		{DF29D931-019C-4C99-BB5D-B7BC2A7337AD}.Release|x64.Build.0 = Release|x64
		{DF29D931-019C-4C99-BB5D-B7BC2A7337AD}.Release|x86.ActiveCfg = Release|Win32
		{DF29D931-019C-4C99-BB5D-B7BC2A7337AD}.Release|x86.Build.0 = Release|Win32
		{758D0986-BC41-4987-94F6-CDABBED3B9D9}.Debug|x64.ActiveCfg = Debug|x64
		{758D0986-BC41-4987-94F6-CDABBED3B9D9}.Debug|x64.Build.0 = Debug|x64
		{758D0986-BC41-4987-94F6-CDABBED3B9D9}.Debug|x86.ActiveCfg = Debug|Win32
		{758D0986-BC41-4987-94F6-CDABBED3B9D9}.Debug|x86.Build.0 = Debug|Win32
		{758D0986-BC41-4987-94F6-CDABBED3B9D9}.Release|x64.ActiveCfg = Release|x64
		{758D0986-BC41-4987-94F6-CDABBED3B9D9}.Release|x64.Build.0 = Release|x64
		{758D0986-BC41-4987-94F6-CDABBED3B9D9}.Release|x86.ActiveCfg = Release|Win32
		{758D0986-BC41-4987-94F6-CDABBED3B9D9}.Release|x86.Build.0 = Release|Win32
		{955C7F24-D515-4D76-940C-79B97B8C32AA}.Debug|x64.ActiveCfg = Debug|x64
		{955C7F24-D515-4D76-940C-79B97B8C32AA}.Debug|x64.Build.0 = Debug|x64
		{955C7F24-D515-4D76-940C-79B97B8C32AA}.Debug|x86.ActiveCfg = Debug|Win32
		{955C7F24-D515-4D76-940C-79B97B8C32AA}.Debug|x86.Build.0 = Debug|Win32
		{955C7F24-D515-4D76-940C-79B97B8C32AA}.Release|x64.ActiveCfg = Release|x64
		{955C7F24-D515-4D76-940C-79B97B8C32AA}.Release|x64.Build.0 = Release|x64
		{955C7F24-D515-4D76-940C-79B97B8C32AA}.Release|x86.ActiveCfg = Release|Win32
		{955C7F24-D515-4D76-940C-79B97B8C32AA}.Release|x86.Build.0 = Release|Win32
		{F7E1D66B-C849-4ECB-8E01-9BC68A502483}.Debug|x64.ActiveCfg = Debug|x64
		{F7E1D66B-C849-4ECB-8E01-9BC68A502483}.Debug|x64.Build.0 = Debug|x64
		{F7E1D66B-C849-4ECB-8E01-9BC68A502483}.Debug|x86.ActiveCfg = Debug|Win32
		{F7E1D66B-C849-4ECB-8E01-9BC68A502483}.Debug|x86.Build.0 = Debug|Win32
		{F7E1D66B-C849-4ECB-8E01-9BC68A502483}.Release|x64.ActiveCfg = Release|x64
		{F7E1D66B-C849-4ECB-8E01-9BC68A502483}.Release|x64.Build.0 = Release|x64
		{F7E1D66B-C849-4ECB-8E01-9BC68A502483}.Release|x86.ActiveCfg = Release|Win32
		{F7E1D66B-C849-4ECB-8E01-9BC68A502483}.Release|x86.Build.0 = Release|Win32
	EndGlobalSection
	GlobalSection(SolutionProperties) = preSolution
		HideSolutionNode = FALSE
	EndGlobalSection
	GlobalSection(ExtensibilityGlobals) = postSolution
		SolutionGuid = {61BD5BCF-5318-40D2-A24D-50B8774B53B5}
	EndGlobalSection
EndGlobal
