
Microsoft Visual Studio Solution File, Format Version 12.00
# Visual Studio Version 16
VisualStudioVersion = 16.0.31729.503
MinimumVisualStudioVersion = 10.0.40219.1
Project("{8BC9CEB8-8B4A-11D0-8D11-00A0C91BC942}") = "Section05_01", "Section05_01\Section05_01.vcxproj", "{4F538C8B-55EC-4B73-A8B9-51D6617C6620}"
EndProject
Project("{8BC9CEB8-8B4A-11D0-8D11-00A0C91BC942}") = "Section05_02", "Section05_02\Section05_02.vcxproj", "{4882814E-A1CF-409A-9D9B-FCAD337E775C}"
EndProject
Project("{8BC9CEB8-8B4A-11D0-8D11-00A0C91BC942}") = "Section05_03", "Section05_03\Section05_03.vcxproj", "{50DBC657-E694-4511-AF47-28C774A005EF}"
EndProject
Project("{8BC9CEB8-8B4A-11D0-8D11-00A0C91BC942}") = "Section05_04", "Section05_04\Section05_04.vcxproj", "{D44236B4-82EB-4762-8A8E-821C19F47551}"
EndProject
Project("{8BC9CEB8-8B4A-11D0-8D11-00A0C91BC942}") = "Section05_05", "Section05_05\Section05_05.vcxproj", "{99B6D8C6-CDDD-4E03-9DEA-59E122F49A3E}"
EndProject
Project("{8BC9CEB8-8B4A-11D0-8D11-00A0C91BC942}") = "Section05_06", "Section05_06\Section05_06.vcxproj", "{EDDDB6FC-7762-4898-9ADE-75683FDB732B}"
EndProject
Project("{8BC9CEB8-8B4A-11D0-8D11-00A0C91BC942}") = "Section05_07", "Section05_07\Section05_07.vcxproj", "{8D2CED97-477D-43E8-8BD2-7B808D81BCF2}"
EndProject
Project("{8BC9CEB8-8B4A-11D0-8D11-00A0C91BC942}") = "Section05_08", "Section05_08\Section05_08.vcxproj", "{8709E48C-FC1C-4F34-B840-D009FBBFC736}"
EndProject
Global
	GlobalSection(SolutionConfigurationPlatforms) = preSolution
		Debug|x64 = Debug|x64
		Debug|x86 = Debug|x86
		Release|x64 = Release|x64
		Release|x86 = Release|x86
	EndGlobalSection
	GlobalSection(ProjectConfigurationPlatforms) = postSolution
		{4F538C8B-55EC-4B73-A8B9-51D6617C6620}.Debug|x64.ActiveCfg = Debug|x64
		{4F538C8B-55EC-4B73-A8B9-51D6617C6620}.Debug|x64.Build.0 = Debug|x64
		{4F538C8B-55EC-4B73-A8B9-51D6617C6620}.Debug|x86.ActiveCfg = Debug|Win32
		{4F538C8B-55EC-4B73-A8B9-51D6617C6620}.Debug|x86.Build.0 = Debug|Win32
		{4F538C8B-55EC-4B73-A8B9-51D6617C6620}.Release|x64.ActiveCfg = Release|x64
		{4F538C8B-55EC-4B73-A8B9-51D6617C6620}.Release|x64.Build.0 = Release|x64
		{4F538C8B-55EC-4B73-A8B9-51D6617C6620}.Release|x86.ActiveCfg = Release|Win32
		{4F538C8B-55EC-4B73-A8B9-51D6617C6620}.Release|x86.Build.0 = Release|Win32
		{4882814E-A1CF-409A-9D9B-FCAD337E775C}.Debug|x64.ActiveCfg = Debug|x64
		{4882814E-A1CF-409A-9D9B-FCAD337E775C}.Debug|x64.Build.0 = Debug|x64
		{4882814E-A1CF-409A-9D9B-FCAD337E775C}.Debug|x86.ActiveCfg = Debug|Win32
		{4882814E-A1CF-409A-9D9B-FCAD337E775C}.Debug|x86.Build.0 = Debug|Win32
		{4882814E-A1CF-409A-9D9B-FCAD337E775C}.Release|x64.ActiveCfg = Release|x64
		{4882814E-A1CF-409A-9D9B-FCAD337E775C}.Release|x64.Build.0 = Release|x64
		{4882814E-A1CF-409A-9D9B-FCAD337E775C}.Release|x86.ActiveCfg = Release|Win32
		{4882814E-A1CF-409A-9D9B-FCAD337E775C}.Release|x86.Build.0 = Release|Win32
		{50DBC657-E694-4511-AF47-28C774A005EF}.Debug|x64.ActiveCfg = Debug|x64
		{50DBC657-E694-4511-AF47-28C774A005EF}.Debug|x64.Build.0 = Debug|x64
		{50DBC657-E694-4511-AF47-28C774A005EF}.Debug|x86.ActiveCfg = Debug|Win32
		{50DBC657-E694-4511-AF47-28C774A005EF}.Debug|x86.Build.0 = Debug|Win32
		{50DBC657-E694-4511-AF47-28C774A005EF}.Release|x64.ActiveCfg = Release|x64
		{50DBC657-E694-4511-AF47-28C774A005EF}.Release|x64.Build.0 = Release|x64
		{50DBC657-E694-4511-AF47-28C774A005EF}.Release|x86.ActiveCfg = Release|Win32
		{50DBC657-E694-4511-AF47-28C774A005EF}.Release|x86.Build.0 = Release|Win32
		{D44236B4-82EB-4762-8A8E-821C19F47551}.Debug|x64.ActiveCfg = Debug|x64
		{D44236B4-82EB-4762-8A8E-821C19F47551}.Debug|x64.Build.0 = Debug|x64
		{D44236B4-82EB-4762-8A8E-821C19F47551}.Debug|x86.ActiveCfg = Debug|Win32
		{D44236B4-82EB-4762-8A8E-821C19F47551}.Debug|x86.Build.0 = Debug|Win32
		{D44236B4-82EB-4762-8A8E-821C19F47551}.Release|x64.ActiveCfg = Release|x64
		{D44236B4-82EB-4762-8A8E-821C19F47551}.Release|x64.Build.0 = Release|x64
		{D44236B4-82EB-4762-8A8E-821C19F47551}.Release|x86.ActiveCfg = Release|Win32
		{D44236B4-82EB-4762-8A8E-821C19F47551}.Release|x86.Build.0 = Release|Win32
		{99B6D8C6-CDDD-4E03-9DEA-59E122F49A3E}.Debug|x64.ActiveCfg = Debug|x64
		{99B6D8C6-CDDD-4E03-9DEA-59E122F49A3E}.Debug|x64.Build.0 = Debug|x64
		{99B6D8C6-CDDD-4E03-9DEA-59E122F49A3E}.Debug|x86.ActiveCfg = Debug|Win32
		{99B6D8C6-CDDD-4E03-9DEA-59E122F49A3E}.Debug|x86.Build.0 = Debug|Win32
		{99B6D8C6-CDDD-4E03-9DEA-59E122F49A3E}.Release|x64.ActiveCfg = Release|x64
		{99B6D8C6-CDDD-4E03-9DEA-59E122F49A3E}.Release|x64.Build.0 = Release|x64
		{99B6D8C6-CDDD-4E03-9DEA-59E122F49A3E}.Release|x86.ActiveCfg = Release|Win32
		{99B6D8C6-CDDD-4E03-9DEA-59E122F49A3E}.Release|x86.Build.0 = Release|Win32
		{EDDDB6FC-7762-4898-9ADE-75683FDB732B}.Debug|x64.ActiveCfg = Debug|x64
		{EDDDB6FC-7762-4898-9ADE-75683FDB732B}.Debug|x64.Build.0 = Debug|x64
		{EDDDB6FC-7762-4898-9ADE-75683FDB732B}.Debug|x86.ActiveCfg = Debug|Win32
		{EDDDB6FC-7762-4898-9ADE-75683FDB732B}.Debug|x86.Build.0 = Debug|Win32
		{EDDDB6FC-7762-4898-9ADE-75683FDB732B}.Release|x64.ActiveCfg = Release|x64
		{EDDDB6FC-7762-4898-9ADE-75683FDB732B}.Release|x64.Build.0 = Release|x64
		{EDDDB6FC-7762-4898-9ADE-75683FDB732B}.Release|x86.ActiveCfg = Release|Win32
		{EDDDB6FC-7762-4898-9ADE-75683FDB732B}.Release|x86.Build.0 = Release|Win32
		{8D2CED97-477D-43E8-8BD2-7B808D81BCF2}.Debug|x64.ActiveCfg = Debug|x64
		{8D2CED97-477D-43E8-8BD2-7B808D81BCF2}.Debug|x64.Build.0 = Debug|x64
		{8D2CED97-477D-43E8-8BD2-7B808D81BCF2}.Debug|x86.ActiveCfg = Debug|Win32
		{8D2CED97-477D-43E8-8BD2-7B808D81BCF2}.Debug|x86.Build.0 = Debug|Win32
		{8D2CED97-477D-43E8-8BD2-7B808D81BCF2}.Release|x64.ActiveCfg = Release|x64
		{8D2CED97-477D-43E8-8BD2-7B808D81BCF2}.Release|x64.Build.0 = Release|x64
		{8D2CED97-477D-43E8-8BD2-7B808D81BCF2}.Release|x86.ActiveCfg = Release|Win32
		{8D2CED97-477D-43E8-8BD2-7B808D81BCF2}.Release|x86.Build.0 = Release|Win32
		{8709E48C-FC1C-4F34-B840-D009FBBFC736}.Debug|x64.ActiveCfg = Debug|x64
		{8709E48C-FC1C-4F34-B840-D009FBBFC736}.Debug|x64.Build.0 = Debug|x64
		{8709E48C-FC1C-4F34-B840-D009FBBFC736}.Debug|x86.ActiveCfg = Debug|Win32
		{8709E48C-FC1C-4F34-B840-D009FBBFC736}.Debug|x86.Build.0 = Debug|Win32
		{8709E48C-FC1C-4F34-B840-D009FBBFC736}.Release|x64.ActiveCfg = Release|x64
		{8709E48C-FC1C-4F34-B840-D009FBBFC736}.Release|x64.Build.0 = Release|x64
		{8709E48C-FC1C-4F34-B840-D009FBBFC736}.Release|x86.ActiveCfg = Release|Win32
		{8709E48C-FC1C-4F34-B840-D009FBBFC736}.Release|x86.Build.0 = Release|Win32
	EndGlobalSection
	GlobalSection(SolutionProperties) = preSolution
		HideSolutionNode = FALSE
	EndGlobalSection
	GlobalSection(ExtensibilityGlobals) = postSolution
		SolutionGuid = {872BF2DA-F09E-42EF-BBC5-6B3FC90565B8}
	EndGlobalSection
EndGlobal
