
Microsoft Visual Studio Solution File, Format Version 12.00
# Visual Studio Version 16
VisualStudioVersion = 16.0.31729.503
MinimumVisualStudioVersion = 10.0.40219.1
Project("{8BC9CEB8-8B4A-11D0-8D11-00A0C91BC942}") = "Section07_01", "Section07_01\Section07_01.vcxproj", "{63DF39C1-2D38-466A-8FA2-868473FBD51F}"
EndProject
Project("{8BC9CEB8-8B4A-11D0-8D11-00A0C91BC942}") = "Section07_02", "Section07_02\Section07_02.vcxproj", "{67E2B589-F430-4514-A4FF-370DB4AA842C}"
EndProject
Project("{8BC9CEB8-8B4A-11D0-8D11-00A0C91BC942}") = "Section07_03", "Section07_03\Section07_03.vcxproj", "{D3E9A1EE-4AC0-4BBC-BACF-4599FAC7E0CC}"
EndProject
Project("{8BC9CEB8-8B4A-11D0-8D11-00A0C91BC942}") = "Section07_04", "Section07_04\Section07_04.vcxproj", "{C0D55E69-C633-4B7D-B428-8A411C1E03A2}"
EndProject
Project("{8BC9CEB8-8B4A-11D0-8D11-00A0C91BC942}") = "Section07_05", "Section07_05\Section07_05.vcxproj", "{6A5A1240-2086-4161-BF72-3991F2266CEB}"
EndProject
Project("{8BC9CEB8-8B4A-11D0-8D11-00A0C91BC942}") = "Section07_06", "Section07_06\Section07_06.vcxproj", "{5C7CCFC1-B2DF-4E5A-A086-4471E9FF6A2D}"
EndProject
Project("{8BC9CEB8-8B4A-11D0-8D11-00A0C91BC942}") = "Section07_07", "Section07_07\Section07_07.vcxproj", "{3D442293-3DBC-4591-88F2-FFFA5F399B8A}"
EndProject
Project("{8BC9CEB8-8B4A-11D0-8D11-00A0C91BC942}") = "Section07_08", "Section07_08\Section07_08.vcxproj", "{0AE15484-0B09-48F9-944E-A1DFFE704CD8}"
EndProject
Project("{8BC9CEB8-8B4A-11D0-8D11-00A0C91BC942}") = "Section07_09", "Section07_09\Section07_09.vcxproj", "{54C99A54-CA2F-4349-8C9D-27AD473E1917}"
EndProject
Project("{8BC9CEB8-8B4A-11D0-8D11-00A0C91BC942}") = "Section07_10", "Section07_10\Section07_10.vcxproj", "{8857791E-2A91-4062-AB70-DC7B5D436AAA}"
EndProject
Project("{8BC9CEB8-8B4A-11D0-8D11-00A0C91BC942}") = "Section07_11", "Section07_11\Section07_11.vcxproj", "{1156F19C-3974-4CDC-92B8-D0067420F4DA}"
EndProject
Global
	GlobalSection(SolutionConfigurationPlatforms) = preSolution
		Debug|x64 = Debug|x64
		Debug|x86 = Debug|x86
		Release|x64 = Release|x64
		Release|x86 = Release|x86
	EndGlobalSection
	GlobalSection(ProjectConfigurationPlatforms) = postSolution
		{63DF39C1-2D38-466A-8FA2-868473FBD51F}.Debug|x64.ActiveCfg = Debug|x64
		{63DF39C1-2D38-466A-8FA2-868473FBD51F}.Debug|x64.Build.0 = Debug|x64
		{63DF39C1-2D38-466A-8FA2-868473FBD51F}.Debug|x86.ActiveCfg = Debug|Win32
		{63DF39C1-2D38-466A-8FA2-868473FBD51F}.Debug|x86.Build.0 = Debug|Win32
		{63DF39C1-2D38-466A-8FA2-868473FBD51F}.Release|x64.ActiveCfg = Release|x64
		{63DF39C1-2D38-466A-8FA2-868473FBD51F}.Release|x64.Build.0 = Release|x64
		{63DF39C1-2D38-466A-8FA2-868473FBD51F}.Release|x86.ActiveCfg = Release|Win32
		{63DF39C1-2D38-466A-8FA2-868473FBD51F}.Release|x86.Build.0 = Release|Win32
		{67E2B589-F430-4514-A4FF-370DB4AA842C}.Debug|x64.ActiveCfg = Debug|x64
		{67E2B589-F430-4514-A4FF-370DB4AA842C}.Debug|x64.Build.0 = Debug|x64
		{67E2B589-F430-4514-A4FF-370DB4AA842C}.Debug|x86.ActiveCfg = Debug|Win32
		{67E2B589-F430-4514-A4FF-370DB4AA842C}.Debug|x86.Build.0 = Debug|Win32
		{67E2B589-F430-4514-A4FF-370DB4AA842C}.Release|x64.ActiveCfg = Release|x64
		{67E2B589-F430-4514-A4FF-370DB4AA842C}.Release|x64.Build.0 = Release|x64
		{67E2B589-F430-4514-A4FF-370DB4AA842C}.Release|x86.ActiveCfg = Release|Win32
		{67E2B589-F430-4514-A4FF-370DB4AA842C}.Release|x86.Build.0 = Release|Win32
		{D3E9A1EE-4AC0-4BBC-BACF-4599FAC7E0CC}.Debug|x64.ActiveCfg = Debug|x64
		{D3E9A1EE-4AC0-4BBC-BACF-4599FAC7E0CC}.Debug|x64.Build.0 = Debug|x64
		{D3E9A1EE-4AC0-4BBC-BACF-4599FAC7E0CC}.Debug|x86.ActiveCfg = Debug|Win32
		{D3E9A1EE-4AC0-4BBC-BACF-4599FAC7E0CC}.Debug|x86.Build.0 = Debug|Win32
		{D3E9A1EE-4AC0-4BBC-BACF-4599FAC7E0CC}.Release|x64.ActiveCfg = Release|x64
		{D3E9A1EE-4AC0-4BBC-BACF-4599FAC7E0CC}.Release|x64.Build.0 = Release|x64
		{D3E9A1EE-4AC0-4BBC-BACF-4599FAC7E0CC}.Release|x86.ActiveCfg = Release|Win32
		{D3E9A1EE-4AC0-4BBC-BACF-4599FAC7E0CC}.Release|x86.Build.0 = Release|Win32
		{C0D55E69-C633-4B7D-B428-8A411C1E03A2}.Debug|x64.ActiveCfg = Debug|x64
		{C0D55E69-C633-4B7D-B428-8A411C1E03A2}.Debug|x64.Build.0 = Debug|x64
		{C0D55E69-C633-4B7D-B428-8A411C1E03A2}.Debug|x86.ActiveCfg = Debug|Win32
		{C0D55E69-C633-4B7D-B428-8A411C1E03A2}.Debug|x86.Build.0 = Debug|Win32
		{C0D55E69-C633-4B7D-B428-8A411C1E03A2}.Release|x64.ActiveCfg = Release|x64
		{C0D55E69-C633-4B7D-B428-8A411C1E03A2}.Release|x64.Build.0 = Release|x64
		{C0D55E69-C633-4B7D-B428-8A411C1E03A2}.Release|x86.ActiveCfg = Release|Win32
		{C0D55E69-C633-4B7D-B428-8A411C1E03A2}.Release|x86.Build.0 = Release|Win32
		{6A5A1240-2086-4161-BF72-3991F2266CEB}.Debug|x64.ActiveCfg = Debug|x64
		{6A5A1240-2086-4161-BF72-3991F2266CEB}.Debug|x64.Build.0 = Debug|x64
		{6A5A1240-2086-4161-BF72-3991F2266CEB}.Debug|x86.ActiveCfg = Debug|Win32
		{6A5A1240-2086-4161-BF72-3991F2266CEB}.Debug|x86.Build.0 = Debug|Win32
		{6A5A1240-2086-4161-BF72-3991F2266CEB}.Release|x64.ActiveCfg = Release|x64
		{6A5A1240-2086-4161-BF72-3991F2266CEB}.Release|x64.Build.0 = Release|x64
		{6A5A1240-2086-4161-BF72-3991F2266CEB}.Release|x86.ActiveCfg = Release|Win32
		{6A5A1240-2086-4161-BF72-3991F2266CEB}.Release|x86.Build.0 = Release|Win32
		{5C7CCFC1-B2DF-4E5A-A086-4471E9FF6A2D}.Debug|x64.ActiveCfg = Debug|x64
		{5C7CCFC1-B2DF-4E5A-A086-4471E9FF6A2D}.Debug|x64.Build.0 = Debug|x64
		{5C7CCFC1-B2DF-4E5A-A086-4471E9FF6A2D}.Debug|x86.ActiveCfg = Debug|Win32
		{5C7CCFC1-B2DF-4E5A-A086-4471E9FF6A2D}.Debug|x86.Build.0 = Debug|Win32
		{5C7CCFC1-B2DF-4E5A-A086-4471E9FF6A2D}.Release|x64.ActiveCfg = Release|x64
		{5C7CCFC1-B2DF-4E5A-A086-4471E9FF6A2D}.Release|x64.Build.0 = Release|x64
		{5C7CCFC1-B2DF-4E5A-A086-4471E9FF6A2D}.Release|x86.ActiveCfg = Release|Win32
		{5C7CCFC1-B2DF-4E5A-A086-4471E9FF6A2D}.Release|x86.Build.0 = Release|Win32
		{3D442293-3DBC-4591-88F2-FFFA5F399B8A}.Debug|x64.ActiveCfg = Debug|x64
		{3D442293-3DBC-4591-88F2-FFFA5F399B8A}.Debug|x64.Build.0 = Debug|x64
		{3D442293-3DBC-4591-88F2-FFFA5F399B8A}.Debug|x86.ActiveCfg = Debug|Win32
		{3D442293-3DBC-4591-88F2-FFFA5F399B8A}.Debug|x86.Build.0 = Debug|Win32
		{3D442293-3DBC-4591-88F2-FFFA5F399B8A}.Release|x64.ActiveCfg = Release|x64
		{3D442293-3DBC-4591-88F2-FFFA5F399B8A}.Release|x64.Build.0 = Release|x64
		{3D442293-3DBC-4591-88F2-FFFA5F399B8A}.Release|x86.ActiveCfg = Release|Win32
		{3D442293-3DBC-4591-88F2-FFFA5F399B8A}.Release|x86.Build.0 = Release|Win32
		{0AE15484-0B09-48F9-944E-A1DFFE704CD8}.Debug|x64.ActiveCfg = Debug|x64
		{0AE15484-0B09-48F9-944E-A1DFFE704CD8}.Debug|x64.Build.0 = Debug|x64
		{0AE15484-0B09-48F9-944E-A1DFFE704CD8}.Debug|x86.ActiveCfg = Debug|Win32
		{0AE15484-0B09-48F9-944E-A1DFFE704CD8}.Debug|x86.Build.0 = Debug|Win32
		{0AE15484-0B09-48F9-944E-A1DFFE704CD8}.Release|x64.ActiveCfg = Release|x64
		{0AE15484-0B09-48F9-944E-A1DFFE704CD8}.Release|x64.Build.0 = Release|x64
		{0AE15484-0B09-48F9-944E-A1DFFE704CD8}.Release|x86.ActiveCfg = Release|Win32
		{0AE15484-0B09-48F9-944E-A1DFFE704CD8}.Release|x86.Build.0 = Release|Win32
		{54C99A54-CA2F-4349-8C9D-27AD473E1917}.Debug|x64.ActiveCfg = Debug|x64
		{54C99A54-CA2F-4349-8C9D-27AD473E1917}.Debug|x64.Build.0 = Debug|x64
		{54C99A54-CA2F-4349-8C9D-27AD473E1917}.Debug|x86.ActiveCfg = Debug|Win32
		{54C99A54-CA2F-4349-8C9D-27AD473E1917}.Debug|x86.Build.0 = Debug|Win32
		{54C99A54-CA2F-4349-8C9D-27AD473E1917}.Release|x64.ActiveCfg = Release|x64
		{54C99A54-CA2F-4349-8C9D-27AD473E1917}.Release|x64.Build.0 = Release|x64
		{54C99A54-CA2F-4349-8C9D-27AD473E1917}.Release|x86.ActiveCfg = Release|Win32
		{54C99A54-CA2F-4349-8C9D-27AD473E1917}.Release|x86.Build.0 = Release|Win32
		{8857791E-2A91-4062-AB70-DC7B5D436AAA}.Debug|x64.ActiveCfg = Debug|x64
		{8857791E-2A91-4062-AB70-DC7B5D436AAA}.Debug|x64.Build.0 = Debug|x64
		{8857791E-2A91-4062-AB70-DC7B5D436AAA}.Debug|x86.ActiveCfg = Debug|Win32
		{8857791E-2A91-4062-AB70-DC7B5D436AAA}.Debug|x86.Build.0 = Debug|Win32
		{8857791E-2A91-4062-AB70-DC7B5D436AAA}.Release|x64.ActiveCfg = Release|x64
		{8857791E-2A91-4062-AB70-DC7B5D436AAA}.Release|x64.Build.0 = Release|x64
		{8857791E-2A91-4062-AB70-DC7B5D436AAA}.Release|x86.ActiveCfg = Release|Win32
		{8857791E-2A91-4062-AB70-DC7B5D436AAA}.Release|x86.Build.0 = Release|Win32
		{1156F19C-3974-4CDC-92B8-D0067420F4DA}.Debug|x64.ActiveCfg = Debug|x64
		{1156F19C-3974-4CDC-92B8-D0067420F4DA}.Debug|x64.Build.0 = Debug|x64
		{1156F19C-3974-4CDC-92B8-D0067420F4DA}.Debug|x86.ActiveCfg = Debug|Win32
		{1156F19C-3974-4CDC-92B8-D0067420F4DA}.Debug|x86.Build.0 = Debug|Win32
		{1156F19C-3974-4CDC-92B8-D0067420F4DA}.Release|x64.ActiveCfg = Release|x64
		{1156F19C-3974-4CDC-92B8-D0067420F4DA}.Release|x64.Build.0 = Release|x64
		{1156F19C-3974-4CDC-92B8-D0067420F4DA}.Release|x86.ActiveCfg = Release|Win32
		{1156F19C-3974-4CDC-92B8-D0067420F4DA}.Release|x86.Build.0 = Release|Win32
	EndGlobalSection
	GlobalSection(SolutionProperties) = preSolution
		HideSolutionNode = FALSE
	EndGlobalSection
	GlobalSection(ExtensibilityGlobals) = postSolution
		SolutionGuid = {E9DE3FB4-7ABB-4C00-9AF6-57D255B88E23}
	EndGlobalSection
EndGlobal
